PODS:
  - PCDatabaseCore (0.4)

DEPENDENCIES:
  - PCDatabaseCore (from `git@github.com:pilotcreative/PCDatabaseCore.git`)

EXTERNAL SOURCES:
  PCDatabaseCore:
    :git: git@github.com:pilotcreative/PCDatabaseCore.git

CHECKOUT OPTIONS:
  PCDatabaseCore:
    :commit: 298611ad48b8eaf3abaa65f1f16c0f81e727e3be
    :git: git@github.com:pilotcreative/PCDatabaseCore.git

SPEC CHECKSUMS:
  PCDatabaseCore: f86d7f1ad99b3d052b0406778b0b9107a0b9dcac

COCOAPODS: 0.36.3
