// !$*UTF8*$!
{
	archiveVersion = 1;
	classes = {
	};
	objectVersion = 46;
	objects = {

/* Begin PBXBuildFile section */
		50DBEDBA19D2ED34007CB315 /* main.m in Sources */ = {isa = PBXBuildFile; fileRef = 50DBEDB919D2ED34007CB315 /* main.m */; };
		50DBEDBD19D2ED34007CB315 /* AppDelegate.m in Sources */ = {isa = PBXBuildFile; fileRef = 50DBEDBC19D2ED34007CB315 /* AppDelegate.m */; };
		50DBEDC019D2ED34007CB315 /* MasterViewController.m in Sources */ = {isa = PBXBuildFile; fileRef = 50DBEDBF19D2ED34007CB315 /* MasterViewController.m */; };
		50DBEDC319D2ED34007CB315 /* DetailViewController.m in Sources */ = {isa = PBXBuildFile; fileRef = 50DBEDC219D2ED34007CB315 /* DetailViewController.m */; };
		50DBEDC619D2ED34007CB315 /* Main.storyboard in Resources */ = {isa = PBXBuildFile; fileRef = 50DBEDC419D2ED34007CB315 /* Main.storyboard */; };
		50DBEDC819D2ED34007CB315 /* Images.xcassets in Resources */ = {isa = PBXBuildFile; fileRef = 50DBEDC719D2ED34007CB315 /* Images.xcassets */; };
		50DBEDCB19D2ED34007CB315 /* LaunchScreen.xib in Resources */ = {isa = PBXBuildFile; fileRef = 50DBEDC919D2ED34007CB315 /* LaunchScreen.xib */; };
		50DBEDD719D2ED34007CB315 /* PCDatabaseCoreExampleAppTests.m in Sources */ = {isa = PBXBuildFile; fileRef = 50DBEDD619D2ED34007CB315 /* PCDatabaseCoreExampleAppTests.m */; };
		50DBEDEE19D2F38C007CB315 /* Event.m in Sources */ = {isa = PBXBuildFile; fileRef = 50DBEDE519D2F38C007CB315 /* Event.m */; };
		50DBEDEF19D2F38C007CB315 /* ExampleDataModel.xcdatamodeld in Sources */ = {isa = PBXBuildFile; fileRef = 50DBEDE619D2F38C007CB315 /* ExampleDataModel.xcdatamodeld */; };
		50DBEDF019D2F38C007CB315 /* DatabaseHelper.m in Sources */ = {isa = PBXBuildFile; fileRef = 50DBEDEA19D2F38C007CB315 /* DatabaseHelper.m */; };
		50DBEDF119D2F38C007CB315 /* DatabaseHelper+Event.m in Sources */ = {isa = PBXBuildFile; fileRef = 50DBEDED19D2F38C007CB315 /* DatabaseHelper+Event.m */; };
		50DBEDF319D302D2007CB315 /* DatabaseHelper+EventTests.m in Sources */ = {isa = PBXBuildFile; fileRef = 50DBEDF219D302D2007CB315 /* DatabaseHelper+EventTests.m */; };
		DAE7FAED2178419D9879378A /* libPods-PCDatabaseCoreExampleApp.a in Frameworks */ = {isa = PBXBuildFile; fileRef = DABD1AA2F48647E7A6F9C55F /* libPods-PCDatabaseCoreExampleApp.a */; };
/* End PBXBuildFile section */

/* Begin PBXContainerItemProxy section */
		50DBEDD119D2ED34007CB315 /* PBXContainerItemProxy */ = {
			isa = PBXContainerItemProxy;
			containerPortal = 50DBEDAC19D2ED34007CB315 /* Project object */;
			proxyType = 1;
			remoteGlobalIDString = 50DBEDB319D2ED34007CB315;
			remoteInfo = PCDatabaseCoreExampleApp;
		};
/* End PBXContainerItemProxy section */

/* Begin PBXFileReference section */
		50DBEDB419D2ED34007CB315 /* PCDatabaseCoreExampleApp.app */ = {isa = PBXFileReference; explicitFileType = wrapper.application; includeInIndex = 0; path = PCDatabaseCoreExampleApp.app; sourceTree = BUILT_PRODUCTS_DIR; };
		50DBEDB819D2ED34007CB315 /* Info.plist */ = {isa = PBXFileReference; lastKnownFileType = text.plist.xml; path = Info.plist; sourceTree = "<group>"; };
		50DBEDB919D2ED34007CB315 /* main.m */ = {isa = PBXFileReference; lastKnownFileType = sourcecode.c.objc; path = main.m; sourceTree = "<group>"; };
		50DBEDBB19D2ED34007CB315 /* AppDelegate.h */ = {isa = PBXFileReference; lastKnownFileType = sourcecode.c.h; path = AppDelegate.h; sourceTree = "<group>"; };
		50DBEDBC19D2ED34007CB315 /* AppDelegate.m */ = {isa = PBXFileReference; lastKnownFileType = sourcecode.c.objc; path = AppDelegate.m; sourceTree = "<group>"; };
		50DBEDBE19D2ED34007CB315 /* MasterViewController.h */ = {isa = PBXFileReference; lastKnownFileType = sourcecode.c.h; path = MasterViewController.h; sourceTree = "<group>"; };
		50DBEDBF19D2ED34007CB315 /* MasterViewController.m */ = {isa = PBXFileReference; lastKnownFileType = sourcecode.c.objc; path = MasterViewController.m; sourceTree = "<group>"; };
		50DBEDC119D2ED34007CB315 /* DetailViewController.h */ = {isa = PBXFileReference; lastKnownFileType = sourcecode.c.h; path = DetailViewController.h; sourceTree = "<group>"; };
		50DBEDC219D2ED34007CB315 /* DetailViewController.m */ = {isa = PBXFileReference; lastKnownFileType = sourcecode.c.objc; path = DetailViewController.m; sourceTree = "<group>"; };
		50DBEDC519D2ED34007CB315 /* Base */ = {isa = PBXFileReference; lastKnownFileType = file.storyboard; name = Base; path = Base.lproj/Main.storyboard; sourceTree = "<group>"; };
		50DBEDC719D2ED34007CB315 /* Images.xcassets */ = {isa = PBXFileReference; lastKnownFileType = folder.assetcatalog; path = Images.xcassets; sourceTree = "<group>"; };
		50DBEDCA19D2ED34007CB315 /* Base */ = {isa = PBXFileReference; lastKnownFileType = file.xib; name = Base; path = Base.lproj/LaunchScreen.xib; sourceTree = "<group>"; };
		50DBEDD019D2ED34007CB315 /* PCDatabaseCoreExampleAppTests.xctest */ = {isa = PBXFileReference; explicitFileType = wrapper.cfbundle; includeInIndex = 0; path = PCDatabaseCoreExampleAppTests.xctest; sourceTree = BUILT_PRODUCTS_DIR; };
		50DBEDD519D2ED34007CB315 /* Info.plist */ = {isa = PBXFileReference; lastKnownFileType = text.plist.xml; path = Info.plist; sourceTree = "<group>"; };
		50DBEDD619D2ED34007CB315 /* PCDatabaseCoreExampleAppTests.m */ = {isa = PBXFileReference; lastKnownFileType = sourcecode.c.objc; path = PCDatabaseCoreExampleAppTests.m; sourceTree = "<group>"; };
		50DBEDE419D2F38C007CB315 /* Event.h */ = {isa = PBXFileReference; fileEncoding = 4; lastKnownFileType = sourcecode.c.h; path = Event.h; sourceTree = "<group>"; };
		50DBEDE519D2F38C007CB315 /* Event.m */ = {isa = PBXFileReference; fileEncoding = 4; lastKnownFileType = sourcecode.c.objc; path = Event.m; sourceTree = "<group>"; };
		50DBEDE719D2F38C007CB315 /* ExampleDataModel.xcdatamodel */ = {isa = PBXFileReference; lastKnownFileType = wrapper.xcdatamodel; path = ExampleDataModel.xcdatamodel; sourceTree = "<group>"; };
		50DBEDE919D2F38C007CB315 /* DatabaseHelper.h */ = {isa = PBXFileReference; fileEncoding = 4; lastKnownFileType = sourcecode.c.h; path = DatabaseHelper.h; sourceTree = "<group>"; };
		50DBEDEA19D2F38C007CB315 /* DatabaseHelper.m */ = {isa = PBXFileReference; fileEncoding = 4; lastKnownFileType = sourcecode.c.objc; path = DatabaseHelper.m; sourceTree = "<group>"; };
		50DBEDEC19D2F38C007CB315 /* DatabaseHelper+Event.h */ = {isa = PBXFileReference; fileEncoding = 4; lastKnownFileType = sourcecode.c.h; path = "DatabaseHelper+Event.h"; sourceTree = "<group>"; };
		50DBEDED19D2F38C007CB315 /* DatabaseHelper+Event.m */ = {isa = PBXFileReference; fileEncoding = 4; lastKnownFileType = sourcecode.c.objc; path = "DatabaseHelper+Event.m"; sourceTree = "<group>"; };
		50DBEDF219D302D2007CB315 /* DatabaseHelper+EventTests.m */ = {isa = PBXFileReference; fileEncoding = 4; lastKnownFileType = sourcecode.c.objc; path = "DatabaseHelper+EventTests.m"; sourceTree = "<group>"; };
		50E78B0019DEDB7C00A6CFD4 /* libPods-PCDatabaseCoreExampleApp.a */ = {isa = PBXFileReference; lastKnownFileType = archive.ar; name = "libPods-PCDatabaseCoreExampleApp.a"; path = "Pods/build/Debug-iphoneos/libPods-PCDatabaseCoreExampleApp.a"; sourceTree = "<group>"; };
		5E6D5E83BD3D25CF6F861BBA /* Pods-PCDatabaseCoreExampleApp.release.xcconfig */ = {isa = PBXFileReference; includeInIndex = 1; lastKnownFileType = text.xcconfig; name = "Pods-PCDatabaseCoreExampleApp.release.xcconfig"; path = "Pods/Target Support Files/Pods-PCDatabaseCoreExampleApp/Pods-PCDatabaseCoreExampleApp.release.xcconfig"; sourceTree = "<group>"; };
		BDE3BBD6816B69EA11EEEDB1 /* Pods-PCDatabaseCoreExampleApp.debug.xcconfig */ = {isa = PBXFileReference; includeInIndex = 1; lastKnownFileType = text.xcconfig; name = "Pods-PCDatabaseCoreExampleApp.debug.xcconfig"; path = "Pods/Target Support Files/Pods-PCDatabaseCoreExampleApp/Pods-PCDatabaseCoreExampleApp.debug.xcconfig"; sourceTree = "<group>"; };
		DABD1AA2F48647E7A6F9C55F /* libPods-PCDatabaseCoreExampleApp.a */ = {isa = PBXFileReference; explicitFileType = archive.ar; includeInIndex = 0; path = "libPods-PCDatabaseCoreExampleApp.a"; sourceTree = BUILT_PRODUCTS_DIR; };
/* End PBXFileReference section */

/* Begin PBXFrameworksBuildPhase section */
		50DBEDB119D2ED34007CB315 /* Frameworks */ = {
			isa = PBXFrameworksBuildPhase;
			buildActionMask = 2147483647;
			files = (
				DAE7FAED2178419D9879378A /* libPods-PCDatabaseCoreExampleApp.a in Frameworks */,
			);
			runOnlyForDeploymentPostprocessing = 0;
		};
		50DBEDCD19D2ED34007CB315 /* Frameworks */ = {
			isa = PBXFrameworksBuildPhase;
			buildActionMask = 2147483647;
			files = (
			);
			runOnlyForDeploymentPostprocessing = 0;
		};
/* End PBXFrameworksBuildPhase section */

/* Begin PBXGroup section */
		23E0DC8BA32B13340B79E4F1 /* Pods */ = {
			isa = PBXGroup;
			children = (
				BDE3BBD6816B69EA11EEEDB1 /* Pods-PCDatabaseCoreExampleApp.debug.xcconfig */,
				5E6D5E83BD3D25CF6F861BBA /* Pods-PCDatabaseCoreExampleApp.release.xcconfig */,
			);
			name = Pods;
			sourceTree = "<group>";
		};
		50DBEDAB19D2ED34007CB315 = {
			isa = PBXGroup;
			children = (
				50DBEDB619D2ED34007CB315 /* PCDatabaseCoreExampleApp */,
				50DBEDD319D2ED34007CB315 /* PCDatabaseCoreExampleAppTests */,
				50DBEDB519D2ED34007CB315 /* Products */,
				F687A1F0A2794262865259A6 /* Frameworks */,
				23E0DC8BA32B13340B79E4F1 /* Pods */,
			);
			sourceTree = "<group>";
		};
		50DBEDB519D2ED34007CB315 /* Products */ = {
			isa = PBXGroup;
			children = (
				50DBEDB419D2ED34007CB315 /* PCDatabaseCoreExampleApp.app */,
				50DBEDD019D2ED34007CB315 /* PCDatabaseCoreExampleAppTests.xctest */,
			);
			name = Products;
			sourceTree = "<group>";
		};
		50DBEDB619D2ED34007CB315 /* PCDatabaseCoreExampleApp */ = {
			isa = PBXGroup;
			children = (
				50DBEDE119D2F38C007CB315 /* Logic */,
				50DBEDBB19D2ED34007CB315 /* AppDelegate.h */,
				50DBEDBC19D2ED34007CB315 /* AppDelegate.m */,
				50DBEDBE19D2ED34007CB315 /* MasterViewController.h */,
				50DBEDBF19D2ED34007CB315 /* MasterViewController.m */,
				50DBEDC119D2ED34007CB315 /* DetailViewController.h */,
				50DBEDC219D2ED34007CB315 /* DetailViewController.m */,
				50DBEDC419D2ED34007CB315 /* Main.storyboard */,
				50DBEDC719D2ED34007CB315 /* Images.xcassets */,
				50DBEDC919D2ED34007CB315 /* LaunchScreen.xib */,
				50DBEDB719D2ED34007CB315 /* Supporting Files */,
			);
			path = PCDatabaseCoreExampleApp;
			sourceTree = "<group>";
		};
		50DBEDB719D2ED34007CB315 /* Supporting Files */ = {
			isa = PBXGroup;
			children = (
				50DBEDB819D2ED34007CB315 /* Info.plist */,
				50DBEDB919D2ED34007CB315 /* main.m */,
			);
			name = "Supporting Files";
			sourceTree = "<group>";
		};
		50DBEDD319D2ED34007CB315 /* PCDatabaseCoreExampleAppTests */ = {
			isa = PBXGroup;
			children = (
				50DBEDF219D302D2007CB315 /* DatabaseHelper+EventTests.m */,
				50DBEDD619D2ED34007CB315 /* PCDatabaseCoreExampleAppTests.m */,
				50DBEDD419D2ED34007CB315 /* Supporting Files */,
			);
			path = PCDatabaseCoreExampleAppTests;
			sourceTree = "<group>";
		};
		50DBEDD419D2ED34007CB315 /* Supporting Files */ = {
			isa = PBXGroup;
			children = (
				50DBEDD519D2ED34007CB315 /* Info.plist */,
			);
			name = "Supporting Files";
			sourceTree = "<group>";
		};
		50DBEDE119D2F38C007CB315 /* Logic */ = {
			isa = PBXGroup;
			children = (
				50DBEDE219D2F38C007CB315 /* Database */,
			);
			path = Logic;
			sourceTree = "<group>";
		};
		50DBEDE219D2F38C007CB315 /* Database */ = {
			isa = PBXGroup;
			children = (
				50DBEDE319D2F38C007CB315 /* CoreDataEntities */,
				50DBEDE819D2F38C007CB315 /* DatabaseHelper */,
			);
			path = Database;
			sourceTree = "<group>";
		};
		50DBEDE319D2F38C007CB315 /* CoreDataEntities */ = {
			isa = PBXGroup;
			children = (
				50DBEDE419D2F38C007CB315 /* Event.h */,
				50DBEDE519D2F38C007CB315 /* Event.m */,
				50DBEDE619D2F38C007CB315 /* ExampleDataModel.xcdatamodeld */,
			);
			path = CoreDataEntities;
			sourceTree = "<group>";
		};
		50DBEDE819D2F38C007CB315 /* DatabaseHelper */ = {
			isa = PBXGroup;
			children = (
				50DBEDE919D2F38C007CB315 /* DatabaseHelper.h */,
				50DBEDEA19D2F38C007CB315 /* DatabaseHelper.m */,
				50DBEDEB19D2F38C007CB315 /* Event */,
			);
			path = DatabaseHelper;
			sourceTree = "<group>";
		};
		50DBEDEB19D2F38C007CB315 /* Event */ = {
			isa = PBXGroup;
			children = (
				50DBEDEC19D2F38C007CB315 /* DatabaseHelper+Event.h */,
				50DBEDED19D2F38C007CB315 /* DatabaseHelper+Event.m */,
			);
			path = Event;
			sourceTree = "<group>";
		};
		F687A1F0A2794262865259A6 /* Frameworks */ = {
			isa = PBXGroup;
			children = (
				50E78B0019DEDB7C00A6CFD4 /* libPods-PCDatabaseCoreExampleApp.a */,
				DABD1AA2F48647E7A6F9C55F /* libPods-PCDatabaseCoreExampleApp.a */,
			);
			name = Frameworks;
			sourceTree = "<group>";
		};
/* End PBXGroup section */

/* Begin PBXNativeTarget section */
		50DBEDB319D2ED34007CB315 /* PCDatabaseCoreExampleApp */ = {
			isa = PBXNativeTarget;
			buildConfigurationList = 50DBEDDA19D2ED34007CB315 /* Build configuration list for PBXNativeTarget "PCDatabaseCoreExampleApp" */;
			buildPhases = (
				25CBB8F659D14A90BBF5BEAD /* Check Pods Manifest.lock */,
				50DBEDB019D2ED34007CB315 /* Sources */,
				50DBEDB119D2ED34007CB315 /* Frameworks */,
				50DBEDB219D2ED34007CB315 /* Resources */,
				72B34775ECCD4D0BBC1415C1 /* Copy Pods Resources */,
			);
			buildRules = (
			);
			dependencies = (
			);
			name = PCDatabaseCoreExampleApp;
			productName = PCDatabaseCoreExampleApp;
			productReference = 50DBEDB419D2ED34007CB315 /* PCDatabaseCoreExampleApp.app */;
			productType = "com.apple.product-type.application";
		};
		50DBEDCF19D2ED34007CB315 /* PCDatabaseCoreExampleAppTests */ = {
			isa = PBXNativeTarget;
			buildConfigurationList = 50DBEDDD19D2ED34007CB315 /* Build configuration list for PBXNativeTarget "PCDatabaseCoreExampleAppTests" */;
			buildPhases = (
				50DBEDCC19D2ED34007CB315 /* Sources */,
				50DBEDCD19D2ED34007CB315 /* Frameworks */,
				50DBEDCE19D2ED34007CB315 /* Resources */,
			);
			buildRules = (
			);
			dependencies = (
				50DBEDD219D2ED34007CB315 /* PBXTargetDependency */,
			);
			name = PCDatabaseCoreExampleAppTests;
			productName = PCDatabaseCoreExampleAppTests;
			productReference = 50DBEDD019D2ED34007CB315 /* PCDatabaseCoreExampleAppTests.xctest */;
			productType = "com.apple.product-type.bundle.unit-test";
		};
/* End PBXNativeTarget section */

/* Begin PBXProject section */
		50DBEDAC19D2ED34007CB315 /* Project object */ = {
			isa = PBXProject;
			attributes = {
				LastUpgradeCheck = 0600;
				ORGANIZATIONNAME = Pilot;
				TargetAttributes = {
					50DBEDB319D2ED34007CB315 = {
						CreatedOnToolsVersion = 6.0.1;
					};
					50DBEDCF19D2ED34007CB315 = {
						CreatedOnToolsVersion = 6.0.1;
						TestTargetID = 50DBEDB319D2ED34007CB315;
					};
				};
			};
			buildConfigurationList = 50DBEDAF19D2ED34007CB315 /* Build configuration list for PBXProject "PCDatabaseCoreExampleApp" */;
			compatibilityVersion = "Xcode 3.2";
			developmentRegion = English;
			hasScannedForEncodings = 0;
			knownRegions = (
				en,
				Base,
			);
			mainGroup = 50DBEDAB19D2ED34007CB315;
			productRefGroup = 50DBEDB519D2ED34007CB315 /* Products */;
			projectDirPath = "";
			projectRoot = "";
			targets = (
				50DBEDB319D2ED34007CB315 /* PCDatabaseCoreExampleApp */,
				50DBEDCF19D2ED34007CB315 /* PCDatabaseCoreExampleAppTests */,
			);
		};
/* End PBXProject section */

/* Begin PBXResourcesBuildPhase section */
		50DBEDB219D2ED34007CB315 /* Resources */ = {
			isa = PBXResourcesBuildPhase;
			buildActionMask = 2147483647;
			files = (
				50DBEDC619D2ED34007CB315 /* Main.storyboard in Resources */,
				50DBEDCB19D2ED34007CB315 /* LaunchScreen.xib in Resources */,
				50DBEDC819D2ED34007CB315 /* Images.xcassets in Resources */,
			);
			runOnlyForDeploymentPostprocessing = 0;
		};
		50DBEDCE19D2ED34007CB315 /* Resources */ = {
			isa = PBXResourcesBuildPhase;
			buildActionMask = 2147483647;
			files = (
			);
			runOnlyForDeploymentPostprocessing = 0;
		};
/* End PBXResourcesBuildPhase section */

/* Begin PBXShellScriptBuildPhase section */
		25CBB8F659D14A90BBF5BEAD /* Check Pods Manifest.lock */ = {
			isa = PBXShellScriptBuildPhase;
			buildActionMask = 2147483647;
			files = (
			);
			inputPaths = (
			);
			name = "Check Pods Manifest.lock";
			outputPaths = (
			);
			runOnlyForDeploymentPostprocessing = 0;
			shellPath = /bin/sh;
			shellScript = "diff \"${PODS_ROOT}/../Podfile.lock\" \"${PODS_ROOT}/Manifest.lock\" > /dev/null\nif [[ $? != 0 ]] ; then\n    cat << EOM\nerror: The sandbox is not in sync with the Podfile.lock. Run 'pod install' or update your CocoaPods installation.\nEOM\n    exit 1\nfi\n";
			showEnvVarsInLog = 0;
		};
		72B34775ECCD4D0BBC1415C1 /* Copy Pods Resources */ = {
			isa = PBXShellScriptBuildPhase;
			buildActionMask = 2147483647;
			files = (
			);
			inputPaths = (
			);
			name = "Copy Pods Resources";
			outputPaths = (
			);
			runOnlyForDeploymentPostprocessing = 0;
			shellPath = /bin/sh;
			shellScript = "\"${SRCROOT}/Pods/Target Support Files/Pods-PCDatabaseCoreExampleApp/Pods-PCDatabaseCoreExampleApp-resources.sh\"\n";
			showEnvVarsInLog = 0;
		};
/* End PBXShellScriptBuildPhase section */

/* Begin PBXSourcesBuildPhase section */
		50DBEDB019D2ED34007CB315 /* Sources */ = {
			isa = PBXSourcesBuildPhase;
			buildActionMask = 2147483647;
			files = (
				50DBEDEF19D2F38C007CB315 /* ExampleDataModel.xcdatamodeld in Sources */,
				50DBEDBD19D2ED34007CB315 /* AppDelegate.m in Sources */,
				50DBEDC019D2ED34007CB315 /* MasterViewController.m in Sources */,
				50DBEDF119D2F38C007CB315 /* DatabaseHelper+Event.m in Sources */,
				50DBEDEE19D2F38C007CB315 /* Event.m in Sources */,
				50DBEDBA19D2ED34007CB315 /* main.m in Sources */,
				50DBEDF019D2F38C007CB315 /* DatabaseHelper.m in Sources */,
				50DBEDC319D2ED34007CB315 /* DetailViewController.m in Sources */,
			);
			runOnlyForDeploymentPostprocessing = 0;
		};
		50DBEDCC19D2ED34007CB315 /* Sources */ = {
			isa = PBXSourcesBuildPhase;
			buildActionMask = 2147483647;
			files = (
				50DBEDD719D2ED34007CB315 /* PCDatabaseCoreExampleAppTests.m in Sources */,
				50DBEDF319D302D2007CB315 /* DatabaseHelper+EventTests.m in Sources */,
			);
			runOnlyForDeploymentPostprocessing = 0;
		};
/* End PBXSourcesBuildPhase section */

/* Begin PBXTargetDependency section */
		50DBEDD219D2ED34007CB315 /* PBXTargetDependency */ = {
			isa = PBXTargetDependency;
			target = 50DBEDB319D2ED34007CB315 /* PCDatabaseCoreExampleApp */;
			targetProxy = 50DBEDD119D2ED34007CB315 /* PBXContainerItemProxy */;
		};
/* End PBXTargetDependency section */

/* Begin PBXVariantGroup section */
		50DBEDC419D2ED34007CB315 /* Main.storyboard */ = {
			isa = PBXVariantGroup;
			children = (
				50DBEDC519D2ED34007CB315 /* Base */,
			);
			name = Main.storyboard;
			sourceTree = "<group>";
		};
		50DBEDC919D2ED34007CB315 /* LaunchScreen.xib */ = {
			isa = PBXVariantGroup;
			children = (
				50DBEDCA19D2ED34007CB315 /* Base */,
			);
			name = LaunchScreen.xib;
			sourceTree = "<group>";
		};
/* End PBXVariantGroup section */

/* Begin XCBuildConfiguration section */
		50DBEDD819D2ED34007CB315 /* Debug */ = {
			isa = XCBuildConfiguration;
			buildSettings = {
				ALWAYS_SEARCH_USER_PATHS = NO;
				CLANG_CXX_LANGUAGE_STANDARD = "gnu++0x";
				CLANG_CXX_LIBRARY = "libc++";
				CLANG_ENABLE_MODULES = YES;
				CLANG_ENABLE_OBJC_ARC = YES;
				CLANG_WARN_BOOL_CONVERSION = YES;
				CLANG_WARN_CONSTANT_CONVERSION = YES;
				CLANG_WARN_DIRECT_OBJC_ISA_USAGE = YES_ERROR;
				CLANG_WARN_EMPTY_BODY = YES;
				CLANG_WARN_ENUM_CONVERSION = YES;
				CLANG_WARN_INT_CONVERSION = YES;
				CLANG_WARN_OBJC_ROOT_CLASS = YES_ERROR;
				CLANG_WARN_UNREACHABLE_CODE = YES;
				CLANG_WARN__DUPLICATE_METHOD_MATCH = YES;
				"CODE_SIGN_IDENTITY[sdk=iphoneos*]" = "iPhone Developer";
				COPY_PHASE_STRIP = NO;
				ENABLE_STRICT_OBJC_MSGSEND = YES;
				GCC_C_LANGUAGE_STANDARD = gnu99;
				GCC_DYNAMIC_NO_PIC = NO;
				GCC_OPTIMIZATION_LEVEL = 0;
				GCC_PREPROCESSOR_DEFINITIONS = (
					"DEBUG=1",
					"$(inherited)",
				);
				GCC_SYMBOLS_PRIVATE_EXTERN = NO;
				GCC_WARN_64_TO_32_BIT_CONVERSION = YES;
				GCC_WARN_ABOUT_RETURN_TYPE = YES_ERROR;
				GCC_WARN_UNDECLARED_SELECTOR = YES;
				GCC_WARN_UNINITIALIZED_AUTOS = YES_AGGRESSIVE;
				GCC_WARN_UNUSED_FUNCTION = YES;
				GCC_WARN_UNUSED_VARIABLE = YES;
				IPHONEOS_DEPLOYMENT_TARGET = 8.0;
				MTL_ENABLE_DEBUG_INFO = YES;
				ONLY_ACTIVE_ARCH = YES;
				SDKROOT = iphoneos;
				TARGETED_DEVICE_FAMILY = "1,2";
			};
			name = Debug;
		};
		50DBEDD919D2ED34007CB315 /* Release */ = {
			isa = XCBuildConfiguration;
			buildSettings = {
				ALWAYS_SEARCH_USER_PATHS = NO;
				CLANG_CXX_LANGUAGE_STANDARD = "gnu++0x";
				CLANG_CXX_LIBRARY = "libc++";
				CLANG_ENABLE_MODULES = YES;
				CLANG_ENABLE_OBJC_ARC = YES;
				CLANG_WARN_BOOL_CONVERSION = YES;
				CLANG_WARN_CONSTANT_CONVERSION = YES;
				CLANG_WARN_DIRECT_OBJC_ISA_USAGE = YES_ERROR;
				CLANG_WARN_EMPTY_BODY = YES;
				CLANG_WARN_ENUM_CONVERSION = YES;
				CLANG_WARN_INT_CONVERSION = YES;
				CLANG_WARN_OBJC_ROOT_CLASS = YES_ERROR;
				CLANG_WARN_UNREACHABLE_CODE = YES;
				CLANG_WARN__DUPLICATE_METHOD_MATCH = YES;
				"CODE_SIGN_IDENTITY[sdk=iphoneos*]" = "iPhone Developer";
				COPY_PHASE_STRIP = YES;
				ENABLE_NS_ASSERTIONS = NO;
				ENABLE_STRICT_OBJC_MSGSEND = YES;
				GCC_C_LANGUAGE_STANDARD = gnu99;
				GCC_WARN_64_TO_32_BIT_CONVERSION = YES;
				GCC_WARN_ABOUT_RETURN_TYPE = YES_ERROR;
				GCC_WARN_UNDECLARED_SELECTOR = YES;
				GCC_WARN_UNINITIALIZED_AUTOS = YES_AGGRESSIVE;
				GCC_WARN_UNUSED_FUNCTION = YES;
				GCC_WARN_UNUSED_VARIABLE = YES;
				IPHONEOS_DEPLOYMENT_TARGET = 8.0;
				MTL_ENABLE_DEBUG_INFO = NO;
				SDKROOT = iphoneos;
				TARGETED_DEVICE_FAMILY = "1,2";
				VALIDATE_PRODUCT = YES;
			};
			name = Release;
		};
		50DBEDDB19D2ED34007CB315 /* Debug */ = {
			isa = XCBuildConfiguration;
			baseConfigurationReference = BDE3BBD6816B69EA11EEEDB1 /* Pods-PCDatabaseCoreExampleApp.debug.xcconfig */;
			buildSettings = {
				ASSETCATALOG_COMPILER_APPICON_NAME = AppIcon;
				INFOPLIST_FILE = PCDatabaseCoreExampleApp/Info.plist;
				IPHONEOS_DEPLOYMENT_TARGET = 8.0;
				LD_RUNPATH_SEARCH_PATHS = "$(inherited) @executable_path/Frameworks";
				PRODUCT_NAME = "$(TARGET_NAME)";
			};
			name = Debug;
		};
		50DBEDDC19D2ED34007CB315 /* Release */ = {
			isa = XCBuildConfiguration;
			baseConfigurationReference = 5E6D5E83BD3D25CF6F861BBA /* Pods-PCDatabaseCoreExampleApp.release.xcconfig */;
			buildSettings = {
				ASSETCATALOG_COMPILER_APPICON_NAME = AppIcon;
				INFOPLIST_FILE = PCDatabaseCoreExampleApp/Info.plist;
				IPHONEOS_DEPLOYMENT_TARGET = 8.0;
				LD_RUNPATH_SEARCH_PATHS = "$(inherited) @executable_path/Frameworks";
				PRODUCT_NAME = "$(TARGET_NAME)";
			};
			name = Release;
		};
		50DBEDDE19D2ED34007CB315 /* Debug */ = {
			isa = XCBuildConfiguration;
			baseConfigurationReference = BDE3BBD6816B69EA11EEEDB1 /* Pods-PCDatabaseCoreExampleApp.debug.xcconfig */;
			buildSettings = {
				BUNDLE_LOADER = "$(TEST_HOST)";
				FRAMEWORK_SEARCH_PATHS = (
					"$(SDKROOT)/Developer/Library/Frameworks",
					"$(inherited)",
				);
				GCC_PREPROCESSOR_DEFINITIONS = (
					"DEBUG=1",
					"$(inherited)",
				);
				INFOPLIST_FILE = PCDatabaseCoreExampleAppTests/Info.plist;
				LD_RUNPATH_SEARCH_PATHS = "$(inherited) @executable_path/Frameworks @loader_path/Frameworks";
				LIBRARY_SEARCH_PATHS = (
					"$(inherited)",
					"$(PROJECT_DIR)/Pods/build/Debug-iphoneos",
				);
				PRODUCT_NAME = "$(TARGET_NAME)";
				TEST_HOST = "$(BUILT_PRODUCTS_DIR)/PCDatabaseCoreExampleApp.app/PCDatabaseCoreExampleApp";
			};
			name = Debug;
		};
		50DBEDDF19D2ED34007CB315 /* Release */ = {
			isa = XCBuildConfiguration;
			baseConfigurationReference = 5E6D5E83BD3D25CF6F861BBA /* Pods-PCDatabaseCoreExampleApp.release.xcconfig */;
			buildSettings = {
				BUNDLE_LOADER = "$(TEST_HOST)";
				FRAMEWORK_SEARCH_PATHS = (
					"$(SDKROOT)/Developer/Library/Frameworks",
					"$(inherited)",
				);
				INFOPLIST_FILE = PCDatabaseCoreExampleAppTests/Info.plist;
				LD_RUNPATH_SEARCH_PATHS = "$(inherited) @executable_path/Frameworks @loader_path/Frameworks";
				LIBRARY_SEARCH_PATHS = (
					"$(inherited)",
					"$(PROJECT_DIR)/Pods/build/Debug-iphoneos",
				);
				PRODUCT_NAME = "$(TARGET_NAME)";
				TEST_HOST = "$(BUILT_PRODUCTS_DIR)/PCDatabaseCoreExampleApp.app/PCDatabaseCoreExampleApp";
			};
			name = Release;
		};
/* End XCBuildConfiguration section */

/* Begin XCConfigurationList section */
		50DBEDAF19D2ED34007CB315 /* Build configuration list for PBXProject "PCDatabaseCoreExampleApp" */ = {
			isa = XCConfigurationList;
			buildConfigurations = (
				50DBEDD819D2ED34007CB315 /* Debug */,
				50DBEDD919D2ED34007CB315 /* Release */,
			);
			defaultConfigurationIsVisible = 0;
			defaultConfigurationName = Release;
		};
		50DBEDDA19D2ED34007CB315 /* Build configuration list for PBXNativeTarget "PCDatabaseCoreExampleApp" */ = {
			isa = XCConfigurationList;
			buildConfigurations = (
				50DBEDDB19D2ED34007CB315 /* Debug */,
				50DBEDDC19D2ED34007CB315 /* Release */,
			);
			defaultConfigurationIsVisible = 0;
			defaultConfigurationName = Release;
		};
		50DBEDDD19D2ED34007CB315 /* Build configuration list for PBXNativeTarget "PCDatabaseCoreExampleAppTests" */ = {
			isa = XCConfigurationList;
			buildConfigurations = (
				50DBEDDE19D2ED34007CB315 /* Debug */,
				50DBEDDF19D2ED34007CB315 /* Release */,
			);
			defaultConfigurationIsVisible = 0;
			defaultConfigurationName = Release;
		};
/* End XCConfigurationList section */

/* Begin XCVersionGroup section */
		50DBEDE619D2F38C007CB315 /* ExampleDataModel.xcdatamodeld */ = {
			isa = XCVersionGroup;
			children = (
				50DBEDE719D2F38C007CB315 /* ExampleDataModel.xcdatamodel */,
			);
			currentVersion = 50DBEDE719D2F38C007CB315 /* ExampleDataModel.xcdatamodel */;
			path = ExampleDataModel.xcdatamodeld;
			sourceTree = "<group>";
			versionGroupType = wrapper.xcdatamodel;
		};
/* End XCVersionGroup section */
	};
	rootObject = 50DBEDAC19D2ED34007CB315 /* Project object */;
}
