// !$*UTF8*$!
{
	archiveVersion = 1;
	classes = {
	};
	objectVersion = 46;
	objects = {

/* Begin PBXBuildFile section */
		500A151919B9B5540059DE22 /* Foundation.framework in Frameworks */ = {isa = PBXBuildFile; fileRef = 500A151819B9B5540059DE22 /* Foundation.framework */; };
		500A151B19B9B5540059DE22 /* CoreGraphics.framework in Frameworks */ = {isa = PBXBuildFile; fileRef = 500A151A19B9B5540059DE22 /* CoreGraphics.framework */; };
		500A151D19B9B5540059DE22 /* UIKit.framework in Frameworks */ = {isa = PBXBuildFile; fileRef = 500A151C19B9B5540059DE22 /* UIKit.framework */; };
		500A152319B9B5540059DE22 /* InfoPlist.strings in Resources */ = {isa = PBXBuildFile; fileRef = 500A152119B9B5540059DE22 /* InfoPlist.strings */; };
		500A152519B9B5540059DE22 /* main.m in Sources */ = {isa = PBXBuildFile; fileRef = 500A152419B9B5540059DE22 /* main.m */; };
		500A152919B9B5540059DE22 /* AppDelegate.m in Sources */ = {isa = PBXBuildFile; fileRef = 500A152819B9B5540059DE22 /* AppDelegate.m */; };
		500A152C19B9B5540059DE22 /* Main_iPhone.storyboard in Resources */ = {isa = PBXBuildFile; fileRef = 500A152A19B9B5540059DE22 /* Main_iPhone.storyboard */; };
		500A152F19B9B5540059DE22 /* Main_iPad.storyboard in Resources */ = {isa = PBXBuildFile; fileRef = 500A152D19B9B5540059DE22 /* Main_iPad.storyboard */; };
		500A153219B9B5540059DE22 /* ViewController.m in Sources */ = {isa = PBXBuildFile; fileRef = 500A153119B9B5540059DE22 /* ViewController.m */; };
		500A153419B9B5540059DE22 /* Images.xcassets in Resources */ = {isa = PBXBuildFile; fileRef = 500A153319B9B5540059DE22 /* Images.xcassets */; };
		500A153C19B9B5540059DE22 /* Foundation.framework in Frameworks */ = {isa = PBXBuildFile; fileRef = 500A151819B9B5540059DE22 /* Foundation.framework */; };
		500A153D19B9B5540059DE22 /* UIKit.framework in Frameworks */ = {isa = PBXBuildFile; fileRef = 500A151C19B9B5540059DE22 /* UIKit.framework */; };
		500A154519B9B5540059DE22 /* InfoPlist.strings in Resources */ = {isa = PBXBuildFile; fileRef = 500A154319B9B5540059DE22 /* InfoPlist.strings */; };
		500A154719B9B5540059DE22 /* PCDatabaseCoreExampleAppTests.m in Sources */ = {isa = PBXBuildFile; fileRef = 500A154619B9B5540059DE22 /* PCDatabaseCoreExampleAppTests.m */; };
		500A155919B9B8160059DE22 /* DatabaseHelper.m in Sources */ = {isa = PBXBuildFile; fileRef = 500A155819B9B8160059DE22 /* DatabaseHelper.m */; };
		500A155E19B9B9310059DE22 /* ExampleDataModel.xcdatamodeld in Sources */ = {isa = PBXBuildFile; fileRef = 500A155C19B9B9310059DE22 /* ExampleDataModel.xcdatamodeld */; };
		500A156119B9B96F0059DE22 /* Event.m in Sources */ = {isa = PBXBuildFile; fileRef = 500A156019B9B96F0059DE22 /* Event.m */; };
		500A156419B9B9860059DE22 /* DatabaseHelper+Event.m in Sources */ = {isa = PBXBuildFile; fileRef = 500A156319B9B9860059DE22 /* DatabaseHelper+Event.m */; };
		500A156619B9DD3A0059DE22 /* DatabaseHelper+EventTests.m in Sources */ = {isa = PBXBuildFile; fileRef = 500A156519B9DD3A0059DE22 /* DatabaseHelper+EventTests.m */; };
		B54586327EAD480C9E903DE2 /* libPods-PCDatabaseCoreExampleApp.a in Frameworks */ = {isa = PBXBuildFile; fileRef = CD5C3282EE2449E98A6A08FA /* libPods-PCDatabaseCoreExampleApp.a */; };
		EF12A552A67249A0A03D6DD2 /* libPods-PCDatabaseCoreExampleAppTests.a in Frameworks */ = {isa = PBXBuildFile; fileRef = 6EFBB53593A24A0F96C31DAE /* libPods-PCDatabaseCoreExampleAppTests.a */; };
/* End PBXBuildFile section */

/* Begin PBXContainerItemProxy section */
		500A153E19B9B5540059DE22 /* PBXContainerItemProxy */ = {
			isa = PBXContainerItemProxy;
			containerPortal = 500A150D19B9B5540059DE22 /* Project object */;
			proxyType = 1;
			remoteGlobalIDString = 500A151419B9B5540059DE22;
			remoteInfo = PCDatabaseCoreExampleApp;
		};
/* End PBXContainerItemProxy section */

/* Begin PBXFileReference section */
		3802447000C04F109A8144CB /* Pods-PCDatabaseCoreExampleApp.xcconfig */ = {isa = PBXFileReference; includeInIndex = 1; lastKnownFileType = text.xcconfig; name = "Pods-PCDatabaseCoreExampleApp.xcconfig"; path = "Pods/Pods-PCDatabaseCoreExampleApp.xcconfig"; sourceTree = "<group>"; };
		500A151519B9B5540059DE22 /* PCDatabaseCoreExampleApp.app */ = {isa = PBXFileReference; explicitFileType = wrapper.application; includeInIndex = 0; path = PCDatabaseCoreExampleApp.app; sourceTree = BUILT_PRODUCTS_DIR; };
		500A151819B9B5540059DE22 /* Foundation.framework */ = {isa = PBXFileReference; lastKnownFileType = wrapper.framework; name = Foundation.framework; path = System/Library/Frameworks/Foundation.framework; sourceTree = SDKROOT; };
		500A151A19B9B5540059DE22 /* CoreGraphics.framework */ = {isa = PBXFileReference; lastKnownFileType = wrapper.framework; name = CoreGraphics.framework; path = System/Library/Frameworks/CoreGraphics.framework; sourceTree = SDKROOT; };
		500A151C19B9B5540059DE22 /* UIKit.framework */ = {isa = PBXFileReference; lastKnownFileType = wrapper.framework; name = UIKit.framework; path = System/Library/Frameworks/UIKit.framework; sourceTree = SDKROOT; };
		500A152019B9B5540059DE22 /* PCDatabaseCoreExampleApp-Info.plist */ = {isa = PBXFileReference; lastKnownFileType = text.plist.xml; path = "PCDatabaseCoreExampleApp-Info.plist"; sourceTree = "<group>"; };
		500A152219B9B5540059DE22 /* en */ = {isa = PBXFileReference; lastKnownFileType = text.plist.strings; name = en; path = en.lproj/InfoPlist.strings; sourceTree = "<group>"; };
		500A152419B9B5540059DE22 /* main.m */ = {isa = PBXFileReference; lastKnownFileType = sourcecode.c.objc; path = main.m; sourceTree = "<group>"; };
		500A152619B9B5540059DE22 /* PCDatabaseCoreExampleApp-Prefix.pch */ = {isa = PBXFileReference; lastKnownFileType = sourcecode.c.h; path = "PCDatabaseCoreExampleApp-Prefix.pch"; sourceTree = "<group>"; };
		500A152719B9B5540059DE22 /* AppDelegate.h */ = {isa = PBXFileReference; lastKnownFileType = sourcecode.c.h; path = AppDelegate.h; sourceTree = "<group>"; };
		500A152819B9B5540059DE22 /* AppDelegate.m */ = {isa = PBXFileReference; lastKnownFileType = sourcecode.c.objc; path = AppDelegate.m; sourceTree = "<group>"; };
		500A152B19B9B5540059DE22 /* Base */ = {isa = PBXFileReference; lastKnownFileType = file.storyboard; name = Base; path = Base.lproj/Main_iPhone.storyboard; sourceTree = "<group>"; };
		500A152E19B9B5540059DE22 /* Base */ = {isa = PBXFileReference; lastKnownFileType = file.storyboard; name = Base; path = Base.lproj/Main_iPad.storyboard; sourceTree = "<group>"; };
		500A153019B9B5540059DE22 /* ViewController.h */ = {isa = PBXFileReference; lastKnownFileType = sourcecode.c.h; path = ViewController.h; sourceTree = "<group>"; };
		500A153119B9B5540059DE22 /* ViewController.m */ = {isa = PBXFileReference; lastKnownFileType = sourcecode.c.objc; path = ViewController.m; sourceTree = "<group>"; };
		500A153319B9B5540059DE22 /* Images.xcassets */ = {isa = PBXFileReference; lastKnownFileType = folder.assetcatalog; path = Images.xcassets; sourceTree = "<group>"; };
		500A153919B9B5540059DE22 /* PCDatabaseCoreExampleAppTests.xctest */ = {isa = PBXFileReference; explicitFileType = wrapper.cfbundle; includeInIndex = 0; path = PCDatabaseCoreExampleAppTests.xctest; sourceTree = BUILT_PRODUCTS_DIR; };
		500A153A19B9B5540059DE22 /* XCTest.framework */ = {isa = PBXFileReference; lastKnownFileType = wrapper.framework; name = XCTest.framework; path = Library/Frameworks/XCTest.framework; sourceTree = DEVELOPER_DIR; };
		500A154219B9B5540059DE22 /* PCDatabaseCoreExampleAppTests-Info.plist */ = {isa = PBXFileReference; lastKnownFileType = text.plist.xml; path = "PCDatabaseCoreExampleAppTests-Info.plist"; sourceTree = "<group>"; };
		500A154419B9B5540059DE22 /* en */ = {isa = PBXFileReference; lastKnownFileType = text.plist.strings; name = en; path = en.lproj/InfoPlist.strings; sourceTree = "<group>"; };
		500A154619B9B5540059DE22 /* PCDatabaseCoreExampleAppTests.m */ = {isa = PBXFileReference; lastKnownFileType = sourcecode.c.objc; path = PCDatabaseCoreExampleAppTests.m; sourceTree = "<group>"; };
		500A155719B9B8160059DE22 /* DatabaseHelper.h */ = {isa = PBXFileReference; fileEncoding = 4; lastKnownFileType = sourcecode.c.h; path = DatabaseHelper.h; sourceTree = "<group>"; };
		500A155819B9B8160059DE22 /* DatabaseHelper.m */ = {isa = PBXFileReference; fileEncoding = 4; lastKnownFileType = sourcecode.c.objc; path = DatabaseHelper.m; sourceTree = "<group>"; };
		500A155D19B9B9310059DE22 /* ExampleDataModel.xcdatamodel */ = {isa = PBXFileReference; lastKnownFileType = wrapper.xcdatamodel; path = ExampleDataModel.xcdatamodel; sourceTree = "<group>"; };
		500A155F19B9B96F0059DE22 /* Event.h */ = {isa = PBXFileReference; fileEncoding = 4; lastKnownFileType = sourcecode.c.h; path = Event.h; sourceTree = "<group>"; };
		500A156019B9B96F0059DE22 /* Event.m */ = {isa = PBXFileReference; fileEncoding = 4; lastKnownFileType = sourcecode.c.objc; path = Event.m; sourceTree = "<group>"; };
		500A156219B9B9860059DE22 /* DatabaseHelper+Event.h */ = {isa = PBXFileReference; fileEncoding = 4; lastKnownFileType = sourcecode.c.h; path = "DatabaseHelper+Event.h"; sourceTree = "<group>"; };
		500A156319B9B9860059DE22 /* DatabaseHelper+Event.m */ = {isa = PBXFileReference; fileEncoding = 4; lastKnownFileType = sourcecode.c.objc; path = "DatabaseHelper+Event.m"; sourceTree = "<group>"; };
		500A156519B9DD3A0059DE22 /* DatabaseHelper+EventTests.m */ = {isa = PBXFileReference; fileEncoding = 4; lastKnownFileType = sourcecode.c.objc; path = "DatabaseHelper+EventTests.m"; sourceTree = "<group>"; };
		6EFBB53593A24A0F96C31DAE /* libPods-PCDatabaseCoreExampleAppTests.a */ = {isa = PBXFileReference; explicitFileType = archive.ar; includeInIndex = 0; path = "libPods-PCDatabaseCoreExampleAppTests.a"; sourceTree = BUILT_PRODUCTS_DIR; };
		CD5C3282EE2449E98A6A08FA /* libPods-PCDatabaseCoreExampleApp.a */ = {isa = PBXFileReference; explicitFileType = archive.ar; includeInIndex = 0; path = "libPods-PCDatabaseCoreExampleApp.a"; sourceTree = BUILT_PRODUCTS_DIR; };
/* End PBXFileReference section */

/* Begin PBXFrameworksBuildPhase section */
		500A151219B9B5540059DE22 /* Frameworks */ = {
			isa = PBXFrameworksBuildPhase;
			buildActionMask = 2147483647;
			files = (
				500A151B19B9B5540059DE22 /* CoreGraphics.framework in Frameworks */,
				500A151D19B9B5540059DE22 /* UIKit.framework in Frameworks */,
				500A151919B9B5540059DE22 /* Foundation.framework in Frameworks */,
				B54586327EAD480C9E903DE2 /* libPods-PCDatabaseCoreExampleApp.a in Frameworks */,
			);
			runOnlyForDeploymentPostprocessing = 0;
		};
		500A153619B9B5540059DE22 /* Frameworks */ = {
			isa = PBXFrameworksBuildPhase;
			buildActionMask = 2147483647;
			files = (
				500A153D19B9B5540059DE22 /* UIKit.framework in Frameworks */,
				500A153C19B9B5540059DE22 /* Foundation.framework in Frameworks */,
				EF12A552A67249A0A03D6DD2 /* libPods-PCDatabaseCoreExampleAppTests.a in Frameworks */,
			);
			runOnlyForDeploymentPostprocessing = 0;
		};
/* End PBXFrameworksBuildPhase section */

/* Begin PBXGroup section */
		500A150C19B9B5540059DE22 = {
			isa = PBXGroup;
			children = (
				500A151E19B9B5540059DE22 /* PCDatabaseCoreExampleApp */,
				500A154019B9B5540059DE22 /* PCDatabaseCoreExampleAppTests */,
				500A151719B9B5540059DE22 /* Frameworks */,
				500A151619B9B5540059DE22 /* Products */,
				3802447000C04F109A8144CB /* Pods-PCDatabaseCoreExampleApp.xcconfig */,
			);
			sourceTree = "<group>";
		};
		500A151619B9B5540059DE22 /* Products */ = {
			isa = PBXGroup;
			children = (
				500A151519B9B5540059DE22 /* PCDatabaseCoreExampleApp.app */,
				500A153919B9B5540059DE22 /* PCDatabaseCoreExampleAppTests.xctest */,
			);
			name = Products;
			sourceTree = "<group>";
		};
		500A151719B9B5540059DE22 /* Frameworks */ = {
			isa = PBXGroup;
			children = (
				500A151819B9B5540059DE22 /* Foundation.framework */,
				500A151A19B9B5540059DE22 /* CoreGraphics.framework */,
				500A151C19B9B5540059DE22 /* UIKit.framework */,
				500A153A19B9B5540059DE22 /* XCTest.framework */,
				CD5C3282EE2449E98A6A08FA /* libPods-PCDatabaseCoreExampleApp.a */,
				6EFBB53593A24A0F96C31DAE /* libPods-PCDatabaseCoreExampleAppTests.a */,
			);
			name = Frameworks;
			sourceTree = "<group>";
		};
		500A151E19B9B5540059DE22 /* PCDatabaseCoreExampleApp */ = {
			isa = PBXGroup;
			children = (
				500A155019B9B7670059DE22 /* Logic */,
				500A152719B9B5540059DE22 /* AppDelegate.h */,
				500A152819B9B5540059DE22 /* AppDelegate.m */,
				500A152A19B9B5540059DE22 /* Main_iPhone.storyboard */,
				500A152D19B9B5540059DE22 /* Main_iPad.storyboard */,
				500A153019B9B5540059DE22 /* ViewController.h */,
				500A153119B9B5540059DE22 /* ViewController.m */,
				500A153319B9B5540059DE22 /* Images.xcassets */,
				500A151F19B9B5540059DE22 /* Supporting Files */,
			);
			path = PCDatabaseCoreExampleApp;
			sourceTree = "<group>";
		};
		500A151F19B9B5540059DE22 /* Supporting Files */ = {
			isa = PBXGroup;
			children = (
				500A152019B9B5540059DE22 /* PCDatabaseCoreExampleApp-Info.plist */,
				500A152119B9B5540059DE22 /* InfoPlist.strings */,
				500A152419B9B5540059DE22 /* main.m */,
				500A152619B9B5540059DE22 /* PCDatabaseCoreExampleApp-Prefix.pch */,
			);
			name = "Supporting Files";
			sourceTree = "<group>";
		};
		500A154019B9B5540059DE22 /* PCDatabaseCoreExampleAppTests */ = {
			isa = PBXGroup;
			children = (
				500A156519B9DD3A0059DE22 /* DatabaseHelper+EventTests.m */,
				500A154619B9B5540059DE22 /* PCDatabaseCoreExampleAppTests.m */,
				500A154119B9B5540059DE22 /* Supporting Files */,
			);
			path = PCDatabaseCoreExampleAppTests;
			sourceTree = "<group>";
		};
		500A154119B9B5540059DE22 /* Supporting Files */ = {
			isa = PBXGroup;
			children = (
				500A154219B9B5540059DE22 /* PCDatabaseCoreExampleAppTests-Info.plist */,
				500A154319B9B5540059DE22 /* InfoPlist.strings */,
			);
			name = "Supporting Files";
			sourceTree = "<group>";
		};
		500A155019B9B7670059DE22 /* Logic */ = {
			isa = PBXGroup;
			children = (
				500A155519B9B8160059DE22 /* Database */,
			);
			path = Logic;
			sourceTree = "<group>";
		};
		500A155519B9B8160059DE22 /* Database */ = {
			isa = PBXGroup;
			children = (
				500A155B19B9B9190059DE22 /* CoreDataEntities */,
				500A155619B9B8160059DE22 /* DatabaseHelper */,
			);
			path = Database;
			sourceTree = "<group>";
		};
		500A155619B9B8160059DE22 /* DatabaseHelper */ = {
			isa = PBXGroup;
			children = (
				500A155A19B9B9080059DE22 /* Event */,
				500A155719B9B8160059DE22 /* DatabaseHelper.h */,
				500A155819B9B8160059DE22 /* DatabaseHelper.m */,
			);
			path = DatabaseHelper;
			sourceTree = "<group>";
		};
		500A155A19B9B9080059DE22 /* Event */ = {
			isa = PBXGroup;
			children = (
				500A156219B9B9860059DE22 /* DatabaseHelper+Event.h */,
				500A156319B9B9860059DE22 /* DatabaseHelper+Event.m */,
			);
			path = Event;
			sourceTree = "<group>";
		};
		500A155B19B9B9190059DE22 /* CoreDataEntities */ = {
			isa = PBXGroup;
			children = (
				500A155C19B9B9310059DE22 /* ExampleDataModel.xcdatamodeld */,
				500A155F19B9B96F0059DE22 /* Event.h */,
				500A156019B9B96F0059DE22 /* Event.m */,
			);
			path = CoreDataEntities;
			sourceTree = "<group>";
		};
/* End PBXGroup section */

/* Begin PBXNativeTarget section */
		500A151419B9B5540059DE22 /* PCDatabaseCoreExampleApp */ = {
			isa = PBXNativeTarget;
			buildConfigurationList = 500A154A19B9B5540059DE22 /* Build configuration list for PBXNativeTarget "PCDatabaseCoreExampleApp" */;
			buildPhases = (
				96E8EB96A7474212818851A1 /* Check Pods Manifest.lock */,
				500A151119B9B5540059DE22 /* Sources */,
				500A151219B9B5540059DE22 /* Frameworks */,
				500A151319B9B5540059DE22 /* Resources */,
				77DDDED436944F9EA1D69706 /* Copy Pods Resources */,
			);
			buildRules = (
			);
			dependencies = (
			);
			name = PCDatabaseCoreExampleApp;
			productName = PCDatabaseCoreExampleApp;
			productReference = 500A151519B9B5540059DE22 /* PCDatabaseCoreExampleApp.app */;
			productType = "com.apple.product-type.application";
		};
		500A153819B9B5540059DE22 /* PCDatabaseCoreExampleAppTests */ = {
			isa = PBXNativeTarget;
			buildConfigurationList = 500A154D19B9B5540059DE22 /* Build configuration list for PBXNativeTarget "PCDatabaseCoreExampleAppTests" */;
			buildPhases = (
				2F07C85B9DC44C999B2E2BE9 /* Check Pods Manifest.lock */,
				500A153519B9B5540059DE22 /* Sources */,
				500A153619B9B5540059DE22 /* Frameworks */,
				500A153719B9B5540059DE22 /* Resources */,
				4BFC383238F241C8A8273168 /* Copy Pods Resources */,
			);
			buildRules = (
			);
			dependencies = (
				500A153F19B9B5540059DE22 /* PBXTargetDependency */,
			);
			name = PCDatabaseCoreExampleAppTests;
			productName = PCDatabaseCoreExampleAppTests;
			productReference = 500A153919B9B5540059DE22 /* PCDatabaseCoreExampleAppTests.xctest */;
			productType = "com.apple.product-type.bundle.unit-test";
		};
/* End PBXNativeTarget section */

/* Begin PBXProject section */
		500A150D19B9B5540059DE22 /* Project object */ = {
			isa = PBXProject;
			attributes = {
				LastUpgradeCheck = 0510;
				ORGANIZATIONNAME = Pilot;
				TargetAttributes = {
					500A153819B9B5540059DE22 = {
						TestTargetID = 500A151419B9B5540059DE22;
					};
				};
			};
			buildConfigurationList = 500A151019B9B5540059DE22 /* Build configuration list for PBXProject "PCDatabaseCoreExampleApp" */;
			compatibilityVersion = "Xcode 3.2";
			developmentRegion = English;
			hasScannedForEncodings = 0;
			knownRegions = (
				en,
				Base,
			);
			mainGroup = 500A150C19B9B5540059DE22;
			productRefGroup = 500A151619B9B5540059DE22 /* Products */;
			projectDirPath = "";
			projectRoot = "";
			targets = (
				500A151419B9B5540059DE22 /* PCDatabaseCoreExampleApp */,
				500A153819B9B5540059DE22 /* PCDatabaseCoreExampleAppTests */,
			);
		};
/* End PBXProject section */

/* Begin PBXResourcesBuildPhase section */
		500A151319B9B5540059DE22 /* Resources */ = {
			isa = PBXResourcesBuildPhase;
			buildActionMask = 2147483647;
			files = (
				500A152F19B9B5540059DE22 /* Main_iPad.storyboard in Resources */,
				500A153419B9B5540059DE22 /* Images.xcassets in Resources */,
				500A152C19B9B5540059DE22 /* Main_iPhone.storyboard in Resources */,
				500A152319B9B5540059DE22 /* InfoPlist.strings in Resources */,
			);
			runOnlyForDeploymentPostprocessing = 0;
		};
		500A153719B9B5540059DE22 /* Resources */ = {
			isa = PBXResourcesBuildPhase;
			buildActionMask = 2147483647;
			files = (
				500A154519B9B5540059DE22 /* InfoPlist.strings in Resources */,
			);
			runOnlyForDeploymentPostprocessing = 0;
		};
/* End PBXResourcesBuildPhase section */

/* Begin PBXShellScriptBuildPhase section */
		2F07C85B9DC44C999B2E2BE9 /* Check Pods Manifest.lock */ = {
			isa = PBXShellScriptBuildPhase;
			buildActionMask = 2147483647;
			files = (
			);
			inputPaths = (
			);
			name = "Check Pods Manifest.lock";
			outputPaths = (
			);
			runOnlyForDeploymentPostprocessing = 0;
			shellPath = /bin/sh;
			shellScript = "diff \"${PODS_ROOT}/../Podfile.lock\" \"${PODS_ROOT}/Manifest.lock\" > /dev/null\nif [[ $? != 0 ]] ; then\n    cat << EOM\nerror: The sandbox is not in sync with the Podfile.lock. Run 'pod install' or update your CocoaPods installation.\nEOM\n    exit 1\nfi\n";
			showEnvVarsInLog = 0;
		};
		4BFC383238F241C8A8273168 /* Copy Pods Resources */ = {
			isa = PBXShellScriptBuildPhase;
			buildActionMask = 2147483647;
			files = (
			);
			inputPaths = (
			);
			name = "Copy Pods Resources";
			outputPaths = (
			);
			runOnlyForDeploymentPostprocessing = 0;
			shellPath = /bin/sh;
			shellScript = "\"${SRCROOT}/Pods/Pods-PCDatabaseCoreExampleAppTests-resources.sh\"\n";
			showEnvVarsInLog = 0;
		};
		77DDDED436944F9EA1D69706 /* Copy Pods Resources */ = {
			isa = PBXShellScriptBuildPhase;
			buildActionMask = 2147483647;
			files = (
			);
			inputPaths = (
			);
			name = "Copy Pods Resources";
			outputPaths = (
			);
			runOnlyForDeploymentPostprocessing = 0;
			shellPath = /bin/sh;
			shellScript = "\"${SRCROOT}/Pods/Pods-PCDatabaseCoreExampleApp-resources.sh\"\n";
			showEnvVarsInLog = 0;
		};
		96E8EB96A7474212818851A1 /* Check Pods Manifest.lock */ = {
			isa = PBXShellScriptBuildPhase;
			buildActionMask = 2147483647;
			files = (
			);
			inputPaths = (
			);
			name = "Check Pods Manifest.lock";
			outputPaths = (
			);
			runOnlyForDeploymentPostprocessing = 0;
			shellPath = /bin/sh;
			shellScript = "diff \"${PODS_ROOT}/../Podfile.lock\" \"${PODS_ROOT}/Manifest.lock\" > /dev/null\nif [[ $? != 0 ]] ; then\n    cat << EOM\nerror: The sandbox is not in sync with the Podfile.lock. Run 'pod install' or update your CocoaPods installation.\nEOM\n    exit 1\nfi\n";
			showEnvVarsInLog = 0;
		};
/* End PBXShellScriptBuildPhase section */

/* Begin PBXSourcesBuildPhase section */
		500A151119B9B5540059DE22 /* Sources */ = {
			isa = PBXSourcesBuildPhase;
			buildActionMask = 2147483647;
			files = (
				500A156119B9B96F0059DE22 /* Event.m in Sources */,
				500A155919B9B8160059DE22 /* DatabaseHelper.m in Sources */,
				500A153219B9B5540059DE22 /* ViewController.m in Sources */,
				500A152919B9B5540059DE22 /* AppDelegate.m in Sources */,
				500A156419B9B9860059DE22 /* DatabaseHelper+Event.m in Sources */,
				500A155E19B9B9310059DE22 /* ExampleDataModel.xcdatamodeld in Sources */,
				500A152519B9B5540059DE22 /* main.m in Sources */,
			);
			runOnlyForDeploymentPostprocessing = 0;
		};
		500A153519B9B5540059DE22 /* Sources */ = {
			isa = PBXSourcesBuildPhase;
			buildActionMask = 2147483647;
			files = (
				500A154719B9B5540059DE22 /* PCDatabaseCoreExampleAppTests.m in Sources */,
				500A156619B9DD3A0059DE22 /* DatabaseHelper+EventTests.m in Sources */,
			);
			runOnlyForDeploymentPostprocessing = 0;
		};
/* End PBXSourcesBuildPhase section */

/* Begin PBXTargetDependency section */
		500A153F19B9B5540059DE22 /* PBXTargetDependency */ = {
			isa = PBXTargetDependency;
			target = 500A151419B9B5540059DE22 /* PCDatabaseCoreExampleApp */;
			targetProxy = 500A153E19B9B5540059DE22 /* PBXContainerItemProxy */;
		};
/* End PBXTargetDependency section */

/* Begin PBXVariantGroup section */
		500A152119B9B5540059DE22 /* InfoPlist.strings */ = {
			isa = PBXVariantGroup;
			children = (
				500A152219B9B5540059DE22 /* en */,
			);
			name = InfoPlist.strings;
			sourceTree = "<group>";
		};
		500A152A19B9B5540059DE22 /* Main_iPhone.storyboard */ = {
			isa = PBXVariantGroup;
			children = (
				500A152B19B9B5540059DE22 /* Base */,
			);
			name = Main_iPhone.storyboard;
			sourceTree = "<group>";
		};
		500A152D19B9B5540059DE22 /* Main_iPad.storyboard */ = {
			isa = PBXVariantGroup;
			children = (
				500A152E19B9B5540059DE22 /* Base */,
			);
			name = Main_iPad.storyboard;
			sourceTree = "<group>";
		};
		500A154319B9B5540059DE22 /* InfoPlist.strings */ = {
			isa = PBXVariantGroup;
			children = (
				500A154419B9B5540059DE22 /* en */,
			);
			name = InfoPlist.strings;
			sourceTree = "<group>";
		};
/* End PBXVariantGroup section */

/* Begin XCBuildConfiguration section */
		500A154819B9B5540059DE22 /* Debug */ = {
			isa = XCBuildConfiguration;
			buildSettings = {
				ALWAYS_SEARCH_USER_PATHS = NO;
				CLANG_CXX_LANGUAGE_STANDARD = "gnu++0x";
				CLANG_CXX_LIBRARY = "libc++";
				CLANG_ENABLE_MODULES = YES;
				CLANG_ENABLE_OBJC_ARC = YES;
				CLANG_WARN_BOOL_CONVERSION = YES;
				CLANG_WARN_CONSTANT_CONVERSION = YES;
				CLANG_WARN_DIRECT_OBJC_ISA_USAGE = YES_ERROR;
				CLANG_WARN_EMPTY_BODY = YES;
				CLANG_WARN_ENUM_CONVERSION = YES;
				CLANG_WARN_INT_CONVERSION = YES;
				CLANG_WARN_OBJC_ROOT_CLASS = YES_ERROR;
				CLANG_WARN__DUPLICATE_METHOD_MATCH = YES;
				"CODE_SIGN_IDENTITY[sdk=iphoneos*]" = "iPhone Developer";
				COPY_PHASE_STRIP = NO;
				GCC_C_LANGUAGE_STANDARD = gnu99;
				GCC_DYNAMIC_NO_PIC = NO;
				GCC_OPTIMIZATION_LEVEL = 0;
				GCC_PREPROCESSOR_DEFINITIONS = (
					"DEBUG=1",
					"$(inherited)",
				);
				GCC_SYMBOLS_PRIVATE_EXTERN = NO;
				GCC_WARN_64_TO_32_BIT_CONVERSION = YES;
				GCC_WARN_ABOUT_RETURN_TYPE = YES_ERROR;
				GCC_WARN_UNDECLARED_SELECTOR = YES;
				GCC_WARN_UNINITIALIZED_AUTOS = YES_AGGRESSIVE;
				GCC_WARN_UNUSED_FUNCTION = YES;
				GCC_WARN_UNUSED_VARIABLE = YES;
				IPHONEOS_DEPLOYMENT_TARGET = 7.1;
				ONLY_ACTIVE_ARCH = YES;
				SDKROOT = iphoneos;
				TARGETED_DEVICE_FAMILY = "1,2";
			};
			name = Debug;
		};
		500A154919B9B5540059DE22 /* Release */ = {
			isa = XCBuildConfiguration;
			buildSettings = {
				ALWAYS_SEARCH_USER_PATHS = NO;
				CLANG_CXX_LANGUAGE_STANDARD = "gnu++0x";
				CLANG_CXX_LIBRARY = "libc++";
				CLANG_ENABLE_MODULES = YES;
				CLANG_ENABLE_OBJC_ARC = YES;
				CLANG_WARN_BOOL_CONVERSION = YES;
				CLANG_WARN_CONSTANT_CONVERSION = YES;
				CLANG_WARN_DIRECT_OBJC_ISA_USAGE = YES_ERROR;
				CLANG_WARN_EMPTY_BODY = YES;
				CLANG_WARN_ENUM_CONVERSION = YES;
				CLANG_WARN_INT_CONVERSION = YES;
				CLANG_WARN_OBJC_ROOT_CLASS = YES_ERROR;
				CLANG_WARN__DUPLICATE_METHOD_MATCH = YES;
				"CODE_SIGN_IDENTITY[sdk=iphoneos*]" = "iPhone Developer";
				COPY_PHASE_STRIP = YES;
				ENABLE_NS_ASSERTIONS = NO;
				GCC_C_LANGUAGE_STANDARD = gnu99;
				GCC_WARN_64_TO_32_BIT_CONVERSION = YES;
				GCC_WARN_ABOUT_RETURN_TYPE = YES_ERROR;
				GCC_WARN_UNDECLARED_SELECTOR = YES;
				GCC_WARN_UNINITIALIZED_AUTOS = YES_AGGRESSIVE;
				GCC_WARN_UNUSED_FUNCTION = YES;
				GCC_WARN_UNUSED_VARIABLE = YES;
				IPHONEOS_DEPLOYMENT_TARGET = 7.1;
				SDKROOT = iphoneos;
				TARGETED_DEVICE_FAMILY = "1,2";
				VALIDATE_PRODUCT = YES;
			};
			name = Release;
		};
		500A154B19B9B5540059DE22 /* Debug */ = {
			isa = XCBuildConfiguration;
			baseConfigurationReference = 3802447000C04F109A8144CB /* Pods-PCDatabaseCoreExampleApp.xcconfig */;
			buildSettings = {
				ASSETCATALOG_COMPILER_APPICON_NAME = AppIcon;
				ASSETCATALOG_COMPILER_LAUNCHIMAGE_NAME = LaunchImage;
				GCC_PRECOMPILE_PREFIX_HEADER = YES;
				GCC_PREFIX_HEADER = "PCDatabaseCoreExampleApp/PCDatabaseCoreExampleApp-Prefix.pch";
				INFOPLIST_FILE = "PCDatabaseCoreExampleApp/PCDatabaseCoreExampleApp-Info.plist";
				PRODUCT_NAME = "$(TARGET_NAME)";
				WRAPPER_EXTENSION = app;
			};
			name = Debug;
		};
		500A154C19B9B5540059DE22 /* Release */ = {
			isa = XCBuildConfiguration;
			baseConfigurationReference = 3802447000C04F109A8144CB /* Pods-PCDatabaseCoreExampleApp.xcconfig */;
			buildSettings = {
				ASSETCATALOG_COMPILER_APPICON_NAME = AppIcon;
				ASSETCATALOG_COMPILER_LAUNCHIMAGE_NAME = LaunchImage;
				GCC_PRECOMPILE_PREFIX_HEADER = YES;
				GCC_PREFIX_HEADER = "PCDatabaseCoreExampleApp/PCDatabaseCoreExampleApp-Prefix.pch";
				INFOPLIST_FILE = "PCDatabaseCoreExampleApp/PCDatabaseCoreExampleApp-Info.plist";
				PRODUCT_NAME = "$(TARGET_NAME)";
				WRAPPER_EXTENSION = app;
			};
			name = Release;
		};
		500A154E19B9B5540059DE22 /* Debug */ = {
			isa = XCBuildConfiguration;
			buildSettings = {
				BUNDLE_LOADER = "$(BUILT_PRODUCTS_DIR)/PCDatabaseCoreExampleApp.app/PCDatabaseCoreExampleApp";
				FRAMEWORK_SEARCH_PATHS = (
					"$(SDKROOT)/Developer/Library/Frameworks",
					"$(inherited)",
					"$(DEVELOPER_FRAMEWORKS_DIR)",
				);
				GCC_PRECOMPILE_PREFIX_HEADER = YES;
				GCC_PREFIX_HEADER = "PCDatabaseCoreExampleApp/PCDatabaseCoreExampleApp-Prefix.pch";
				GCC_PREPROCESSOR_DEFINITIONS = (
					"DEBUG=1",
					"$(inherited)",
				);
				INFOPLIST_FILE = "PCDatabaseCoreExampleAppTests/PCDatabaseCoreExampleAppTests-Info.plist";
				PRODUCT_NAME = "$(TARGET_NAME)";
				TEST_HOST = "$(BUNDLE_LOADER)";
				WRAPPER_EXTENSION = xctest;
			};
			name = Debug;
		};
		500A154F19B9B5540059DE22 /* Release */ = {
			isa = XCBuildConfiguration;
			buildSettings = {
				BUNDLE_LOADER = "$(BUILT_PRODUCTS_DIR)/PCDatabaseCoreExampleApp.app/PCDatabaseCoreExampleApp";
				FRAMEWORK_SEARCH_PATHS = (
					"$(SDKROOT)/Developer/Library/Frameworks",
					"$(inherited)",
					"$(DEVELOPER_FRAMEWORKS_DIR)",
				);
				GCC_PRECOMPILE_PREFIX_HEADER = YES;
				GCC_PREFIX_HEADER = "PCDatabaseCoreExampleApp/PCDatabaseCoreExampleApp-Prefix.pch";
				INFOPLIST_FILE = "PCDatabaseCoreExampleAppTests/PCDatabaseCoreExampleAppTests-Info.plist";
				PRODUCT_NAME = "$(TARGET_NAME)";
				TEST_HOST = "$(BUNDLE_LOADER)";
				WRAPPER_EXTENSION = xctest;
			};
			name = Release;
		};
/* End XCBuildConfiguration section */

/* Begin XCConfigurationList section */
		500A151019B9B5540059DE22 /* Build configuration list for PBXProject "PCDatabaseCoreExampleApp" */ = {
			isa = XCConfigurationList;
			buildConfigurations = (
				500A154819B9B5540059DE22 /* Debug */,
				500A154919B9B5540059DE22 /* Release */,
			);
			defaultConfigurationIsVisible = 0;
			defaultConfigurationName = Release;
		};
		500A154A19B9B5540059DE22 /* Build configuration list for PBXNativeTarget "PCDatabaseCoreExampleApp" */ = {
			isa = XCConfigurationList;
			buildConfigurations = (
				500A154B19B9B5540059DE22 /* Debug */,
				500A154C19B9B5540059DE22 /* Release */,
			);
			defaultConfigurationIsVisible = 0;
			defaultConfigurationName = Release;
		};
		500A154D19B9B5540059DE22 /* Build configuration list for PBXNativeTarget "PCDatabaseCoreExampleAppTests" */ = {
			isa = XCConfigurationList;
			buildConfigurations = (
				500A154E19B9B5540059DE22 /* Debug */,
				500A154F19B9B5540059DE22 /* Release */,
			);
			defaultConfigurationIsVisible = 0;
			defaultConfigurationName = Release;
		};
/* End XCConfigurationList section */

/* Begin XCVersionGroup section */
		500A155C19B9B9310059DE22 /* ExampleDataModel.xcdatamodeld */ = {
			isa = XCVersionGroup;
			children = (
				500A155D19B9B9310059DE22 /* ExampleDataModel.xcdatamodel */,
			);
			currentVersion = 500A155D19B9B9310059DE22 /* ExampleDataModel.xcdatamodel */;
			path = ExampleDataModel.xcdatamodeld;
			sourceTree = "<group>";
			versionGroupType = wrapper.xcdatamodel;
		};
/* End XCVersionGroup section */
	};
	rootObject = 500A150D19B9B5540059DE22 /* Project object */;
}
