// !$*UTF8*$!
{
	archiveVersion = 1;
	classes = {
	};
	objectVersion = 46;
	objects = {

/* Begin PBXBuildFile section */
		500A14F719B9A3A20059DE22 /* CoreData.framework in Frameworks */ = {isa = PBXBuildFile; fileRef = 500A14F619B9A3A20059DE22 /* CoreData.framework */; };
		500A14FA19B9A3EC0059DE22 /* NSManagedObject+SafeSetters.m in Sources */ = {isa = PBXBuildFile; fileRef = 500A14F919B9A3EC0059DE22 /* NSManagedObject+SafeSetters.m */; };
		500A150319B9AC4B0059DE22 /* NSArray+Permutations.m in Sources */ = {isa = PBXBuildFile; fileRef = 500A150219B9AC4B0059DE22 /* NSArray+Permutations.m */; };
		500A150619B9ACD10059DE22 /* DatabaseTestHelperMethods.m in Sources */ = {isa = PBXBuildFile; fileRef = 500A150519B9ACD10059DE22 /* DatabaseTestHelperMethods.m */; };
		500A158B19BA09490059DE22 /* CoreData.framework in Frameworks */ = {isa = PBXBuildFile; fileRef = 500A14F619B9A3A20059DE22 /* CoreData.framework */; };
		500A158C19BA0DEE0059DE22 /* TestDataModel.xcdatamodeld in Sources */ = {isa = PBXBuildFile; fileRef = 500A14FB19B9AAB50059DE22 /* TestDataModel.xcdatamodeld */; };
		5045A59519B61FAB00ED99BB /* Foundation.framework in Frameworks */ = {isa = PBXBuildFile; fileRef = 5045A59419B61FAB00ED99BB /* Foundation.framework */; };
		5045A59A19B61FAB00ED99BB /* PCDatabaseCore.h in CopyFiles */ = {isa = PBXBuildFile; fileRef = 5045A59919B61FAB00ED99BB /* PCDatabaseCore.h */; };
		5045A59C19B61FAB00ED99BB /* PCDatabaseCore.m in Sources */ = {isa = PBXBuildFile; fileRef = 5045A59B19B61FAB00ED99BB /* PCDatabaseCore.m */; };
		5045A5A319B61FAB00ED99BB /* XCTest.framework in Frameworks */ = {isa = PBXBuildFile; fileRef = 5045A5A219B61FAB00ED99BB /* XCTest.framework */; };
		5045A5A419B61FAB00ED99BB /* Foundation.framework in Frameworks */ = {isa = PBXBuildFile; fileRef = 5045A59419B61FAB00ED99BB /* Foundation.framework */; };
		5045A5A619B61FAB00ED99BB /* UIKit.framework in Frameworks */ = {isa = PBXBuildFile; fileRef = 5045A5A519B61FAB00ED99BB /* UIKit.framework */; };
		5045A5A919B61FAB00ED99BB /* libPCDatabaseCore.a in Frameworks */ = {isa = PBXBuildFile; fileRef = 5045A59119B61FAB00ED99BB /* libPCDatabaseCore.a */; };
		5045A5AF19B61FAB00ED99BB /* InfoPlist.strings in Resources */ = {isa = PBXBuildFile; fileRef = 5045A5AD19B61FAB00ED99BB /* InfoPlist.strings */; };
		5045A5B119B61FAB00ED99BB /* PCDatabaseCoreTests.m in Sources */ = {isa = PBXBuildFile; fileRef = 5045A5B019B61FAB00ED99BB /* PCDatabaseCoreTests.m */; };
		5045A5D019B6ED1200ED99BB /* PCDatabaseCore+CountEntities.m in Sources */ = {isa = PBXBuildFile; fileRef = 5045A5BE19B6ED1200ED99BB /* PCDatabaseCore+CountEntities.m */; };
		5045A5D119B6ED1200ED99BB /* PCDatabaseCore+CreateEntity.m in Sources */ = {isa = PBXBuildFile; fileRef = 5045A5C019B6ED1200ED99BB /* PCDatabaseCore+CreateEntity.m */; };
		5045A5D219B6ED1200ED99BB /* PCDatabaseCore+Fetching.m in Sources */ = {isa = PBXBuildFile; fileRef = 5045A5C219B6ED1200ED99BB /* PCDatabaseCore+Fetching.m */; };
		5045A5D319B6ED1200ED99BB /* PCDatabaseCore+GetEntity.m in Sources */ = {isa = PBXBuildFile; fileRef = 5045A5C419B6ED1200ED99BB /* PCDatabaseCore+GetEntity.m */; };
		5045A5D419B6ED1200ED99BB /* PCDatabaseCore+RemoveEntity.m in Sources */ = {isa = PBXBuildFile; fileRef = 5045A5C619B6ED1200ED99BB /* PCDatabaseCore+RemoveEntity.m */; };
		5045A5E219B6EED700ED99BB /* NSError+DatabaseError.m in Sources */ = {isa = PBXBuildFile; fileRef = 5045A5DB19B6EED700ED99BB /* NSError+DatabaseError.m */; };
		5045A5E319B6EED700ED99BB /* NSManagedObject+ImportFromJSON.m in Sources */ = {isa = PBXBuildFile; fileRef = 5045A5DD19B6EED700ED99BB /* NSManagedObject+ImportFromJSON.m */; };
		5045A5E419B6EED700ED99BB /* NSManagedObjectModel+KCOrderedAccessorFix.m in Sources */ = {isa = PBXBuildFile; fileRef = 5045A5DF19B6EED700ED99BB /* NSManagedObjectModel+KCOrderedAccessorFix.m */; };
		5045A5E519B6EED700ED99BB /* UIApplication+Directories.m in Sources */ = {isa = PBXBuildFile; fileRef = 5045A5E119B6EED700ED99BB /* UIApplication+Directories.m */; };
		50C7BC0D1A26260F001711CF /* TestEntity.m in Sources */ = {isa = PBXBuildFile; fileRef = 50C7BC0C1A26260F001711CF /* TestEntity.m */; };
		62A7691D2A8242649DBA5764 /* libPods-PCDatabaseCoreTests.a in Frameworks */ = {isa = PBXBuildFile; fileRef = C88AC2A23FAD4E9C98F74919 /* libPods-PCDatabaseCoreTests.a */; };
/* End PBXBuildFile section */

/* Begin PBXContainerItemProxy section */
		5045A5A719B61FAB00ED99BB /* PBXContainerItemProxy */ = {
			isa = PBXContainerItemProxy;
			containerPortal = 5045A58919B61FAB00ED99BB /* Project object */;
			proxyType = 1;
			remoteGlobalIDString = 5045A59019B61FAB00ED99BB;
			remoteInfo = PCDatabaseCore;
		};
/* End PBXContainerItemProxy section */

/* Begin PBXCopyFilesBuildPhase section */
		5045A58F19B61FAB00ED99BB /* CopyFiles */ = {
			isa = PBXCopyFilesBuildPhase;
			buildActionMask = 2147483647;
			dstPath = "include/$(PRODUCT_NAME)";
			dstSubfolderSpec = 16;
			files = (
				5045A59A19B61FAB00ED99BB /* PCDatabaseCore.h in CopyFiles */,
			);
			runOnlyForDeploymentPostprocessing = 0;
		};
/* End PBXCopyFilesBuildPhase section */

/* Begin PBXFileReference section */
		33BB74109E9A4C679373962E /* Pods-PCDatabaseCoreTests.xcconfig */ = {isa = PBXFileReference; includeInIndex = 1; lastKnownFileType = text.xcconfig; name = "Pods-PCDatabaseCoreTests.xcconfig"; path = "Pods/Pods-PCDatabaseCoreTests.xcconfig"; sourceTree = "<group>"; };
		500A14F619B9A3A20059DE22 /* CoreData.framework */ = {isa = PBXFileReference; lastKnownFileType = wrapper.framework; name = CoreData.framework; path = System/Library/Frameworks/CoreData.framework; sourceTree = SDKROOT; };
		500A14F819B9A3EC0059DE22 /* NSManagedObject+SafeSetters.h */ = {isa = PBXFileReference; fileEncoding = 4; lastKnownFileType = sourcecode.c.h; path = "NSManagedObject+SafeSetters.h"; sourceTree = "<group>"; };
		500A14F919B9A3EC0059DE22 /* NSManagedObject+SafeSetters.m */ = {isa = PBXFileReference; fileEncoding = 4; lastKnownFileType = sourcecode.c.objc; path = "NSManagedObject+SafeSetters.m"; sourceTree = "<group>"; };
		500A14FC19B9AAB50059DE22 /* TestDataModel.xcdatamodel */ = {isa = PBXFileReference; lastKnownFileType = wrapper.xcdatamodel; path = TestDataModel.xcdatamodel; sourceTree = "<group>"; };
		500A150119B9AC4B0059DE22 /* NSArray+Permutations.h */ = {isa = PBXFileReference; fileEncoding = 4; lastKnownFileType = sourcecode.c.h; path = "NSArray+Permutations.h"; sourceTree = "<group>"; };
		500A150219B9AC4B0059DE22 /* NSArray+Permutations.m */ = {isa = PBXFileReference; fileEncoding = 4; lastKnownFileType = sourcecode.c.objc; path = "NSArray+Permutations.m"; sourceTree = "<group>"; };
		500A150419B9ACD10059DE22 /* DatabaseTestHelperMethods.h */ = {isa = PBXFileReference; fileEncoding = 4; lastKnownFileType = sourcecode.c.h; path = DatabaseTestHelperMethods.h; sourceTree = "<group>"; };
		500A150519B9ACD10059DE22 /* DatabaseTestHelperMethods.m */ = {isa = PBXFileReference; fileEncoding = 4; lastKnownFileType = sourcecode.c.objc; path = DatabaseTestHelperMethods.m; sourceTree = "<group>"; };
		5045A59119B61FAB00ED99BB /* libPCDatabaseCore.a */ = {isa = PBXFileReference; explicitFileType = archive.ar; includeInIndex = 0; path = libPCDatabaseCore.a; sourceTree = BUILT_PRODUCTS_DIR; };
		5045A59419B61FAB00ED99BB /* Foundation.framework */ = {isa = PBXFileReference; lastKnownFileType = wrapper.framework; name = Foundation.framework; path = System/Library/Frameworks/Foundation.framework; sourceTree = SDKROOT; };
		5045A59819B61FAB00ED99BB /* PCDatabaseCore-Prefix.pch */ = {isa = PBXFileReference; lastKnownFileType = sourcecode.c.h; path = "PCDatabaseCore-Prefix.pch"; sourceTree = "<group>"; };
		5045A59919B61FAB00ED99BB /* PCDatabaseCore.h */ = {isa = PBXFileReference; lastKnownFileType = sourcecode.c.h; path = PCDatabaseCore.h; sourceTree = "<group>"; };
		5045A59B19B61FAB00ED99BB /* PCDatabaseCore.m */ = {isa = PBXFileReference; lastKnownFileType = sourcecode.c.objc; lineEnding = 0; path = PCDatabaseCore.m; sourceTree = "<group>"; xcLanguageSpecificationIdentifier = xcode.lang.objc; };
		5045A5A119B61FAB00ED99BB /* PCDatabaseCoreTests.xctest */ = {isa = PBXFileReference; explicitFileType = wrapper.cfbundle; includeInIndex = 0; path = PCDatabaseCoreTests.xctest; sourceTree = BUILT_PRODUCTS_DIR; };
		5045A5A219B61FAB00ED99BB /* XCTest.framework */ = {isa = PBXFileReference; lastKnownFileType = wrapper.framework; name = XCTest.framework; path = Library/Frameworks/XCTest.framework; sourceTree = DEVELOPER_DIR; };
		5045A5A519B61FAB00ED99BB /* UIKit.framework */ = {isa = PBXFileReference; lastKnownFileType = wrapper.framework; name = UIKit.framework; path = Library/Frameworks/UIKit.framework; sourceTree = DEVELOPER_DIR; };
		5045A5AC19B61FAB00ED99BB /* PCDatabaseCoreTests-Info.plist */ = {isa = PBXFileReference; lastKnownFileType = text.plist.xml; path = "PCDatabaseCoreTests-Info.plist"; sourceTree = "<group>"; };
		5045A5AE19B61FAB00ED99BB /* en */ = {isa = PBXFileReference; lastKnownFileType = text.plist.strings; name = en; path = en.lproj/InfoPlist.strings; sourceTree = "<group>"; };
		5045A5B019B61FAB00ED99BB /* PCDatabaseCoreTests.m */ = {isa = PBXFileReference; lastKnownFileType = sourcecode.c.objc; lineEnding = 0; path = PCDatabaseCoreTests.m; sourceTree = "<group>"; xcLanguageSpecificationIdentifier = xcode.lang.objc; };
		5045A5BA19B6ED1200ED99BB /* PCDatabaseCore_Categories.h */ = {isa = PBXFileReference; fileEncoding = 4; lastKnownFileType = sourcecode.c.h; path = PCDatabaseCore_Categories.h; sourceTree = "<group>"; };
		5045A5BD19B6ED1200ED99BB /* PCDatabaseCore+CountEntities.h */ = {isa = PBXFileReference; fileEncoding = 4; lastKnownFileType = sourcecode.c.h; path = "PCDatabaseCore+CountEntities.h"; sourceTree = "<group>"; };
		5045A5BE19B6ED1200ED99BB /* PCDatabaseCore+CountEntities.m */ = {isa = PBXFileReference; fileEncoding = 4; lastKnownFileType = sourcecode.c.objc; path = "PCDatabaseCore+CountEntities.m"; sourceTree = "<group>"; };
		5045A5BF19B6ED1200ED99BB /* PCDatabaseCore+CreateEntity.h */ = {isa = PBXFileReference; fileEncoding = 4; lastKnownFileType = sourcecode.c.h; path = "PCDatabaseCore+CreateEntity.h"; sourceTree = "<group>"; };
		5045A5C019B6ED1200ED99BB /* PCDatabaseCore+CreateEntity.m */ = {isa = PBXFileReference; fileEncoding = 4; lastKnownFileType = sourcecode.c.objc; lineEnding = 0; path = "PCDatabaseCore+CreateEntity.m"; sourceTree = "<group>"; xcLanguageSpecificationIdentifier = xcode.lang.objc; };
		5045A5C119B6ED1200ED99BB /* PCDatabaseCore+Fetching.h */ = {isa = PBXFileReference; fileEncoding = 4; lastKnownFileType = sourcecode.c.h; path = "PCDatabaseCore+Fetching.h"; sourceTree = "<group>"; };
		5045A5C219B6ED1200ED99BB /* PCDatabaseCore+Fetching.m */ = {isa = PBXFileReference; fileEncoding = 4; lastKnownFileType = sourcecode.c.objc; path = "PCDatabaseCore+Fetching.m"; sourceTree = "<group>"; };
		5045A5C319B6ED1200ED99BB /* PCDatabaseCore+GetEntity.h */ = {isa = PBXFileReference; fileEncoding = 4; lastKnownFileType = sourcecode.c.h; path = "PCDatabaseCore+GetEntity.h"; sourceTree = "<group>"; };
		5045A5C419B6ED1200ED99BB /* PCDatabaseCore+GetEntity.m */ = {isa = PBXFileReference; fileEncoding = 4; lastKnownFileType = sourcecode.c.objc; lineEnding = 0; path = "PCDatabaseCore+GetEntity.m"; sourceTree = "<group>"; xcLanguageSpecificationIdentifier = xcode.lang.objc; };
		5045A5C519B6ED1200ED99BB /* PCDatabaseCore+RemoveEntity.h */ = {isa = PBXFileReference; fileEncoding = 4; lastKnownFileType = sourcecode.c.h; path = "PCDatabaseCore+RemoveEntity.h"; sourceTree = "<group>"; };
		5045A5C619B6ED1200ED99BB /* PCDatabaseCore+RemoveEntity.m */ = {isa = PBXFileReference; fileEncoding = 4; lastKnownFileType = sourcecode.c.objc; lineEnding = 0; path = "PCDatabaseCore+RemoveEntity.m"; sourceTree = "<group>"; xcLanguageSpecificationIdentifier = xcode.lang.objc; };
		5045A5DA19B6EED700ED99BB /* NSError+DatabaseError.h */ = {isa = PBXFileReference; fileEncoding = 4; lastKnownFileType = sourcecode.c.h; path = "NSError+DatabaseError.h"; sourceTree = "<group>"; };
		5045A5DB19B6EED700ED99BB /* NSError+DatabaseError.m */ = {isa = PBXFileReference; fileEncoding = 4; lastKnownFileType = sourcecode.c.objc; path = "NSError+DatabaseError.m"; sourceTree = "<group>"; };
		5045A5DC19B6EED700ED99BB /* NSManagedObject+ImportFromJSON.h */ = {isa = PBXFileReference; fileEncoding = 4; lastKnownFileType = sourcecode.c.h; path = "NSManagedObject+ImportFromJSON.h"; sourceTree = "<group>"; };
		5045A5DD19B6EED700ED99BB /* NSManagedObject+ImportFromJSON.m */ = {isa = PBXFileReference; fileEncoding = 4; lastKnownFileType = sourcecode.c.objc; path = "NSManagedObject+ImportFromJSON.m"; sourceTree = "<group>"; };
		5045A5DE19B6EED700ED99BB /* NSManagedObjectModel+KCOrderedAccessorFix.h */ = {isa = PBXFileReference; fileEncoding = 4; lastKnownFileType = sourcecode.c.h; path = "NSManagedObjectModel+KCOrderedAccessorFix.h"; sourceTree = "<group>"; };
		5045A5DF19B6EED700ED99BB /* NSManagedObjectModel+KCOrderedAccessorFix.m */ = {isa = PBXFileReference; fileEncoding = 4; lastKnownFileType = sourcecode.c.objc; path = "NSManagedObjectModel+KCOrderedAccessorFix.m"; sourceTree = "<group>"; };
		5045A5E019B6EED700ED99BB /* UIApplication+Directories.h */ = {isa = PBXFileReference; fileEncoding = 4; lastKnownFileType = sourcecode.c.h; path = "UIApplication+Directories.h"; sourceTree = "<group>"; };
		5045A5E119B6EED700ED99BB /* UIApplication+Directories.m */ = {isa = PBXFileReference; fileEncoding = 4; lastKnownFileType = sourcecode.c.objc; path = "UIApplication+Directories.m"; sourceTree = "<group>"; };
		50C7BC0B1A26260F001711CF /* TestEntity.h */ = {isa = PBXFileReference; fileEncoding = 4; lastKnownFileType = sourcecode.c.h; path = TestEntity.h; sourceTree = "<group>"; };
		50C7BC0C1A26260F001711CF /* TestEntity.m */ = {isa = PBXFileReference; fileEncoding = 4; lastKnownFileType = sourcecode.c.objc; path = TestEntity.m; sourceTree = "<group>"; };
		C88AC2A23FAD4E9C98F74919 /* libPods-PCDatabaseCoreTests.a */ = {isa = PBXFileReference; explicitFileType = archive.ar; includeInIndex = 0; path = "libPods-PCDatabaseCoreTests.a"; sourceTree = BUILT_PRODUCTS_DIR; };
/* End PBXFileReference section */

/* Begin PBXFrameworksBuildPhase section */
		5045A58E19B61FAB00ED99BB /* Frameworks */ = {
			isa = PBXFrameworksBuildPhase;
			buildActionMask = 2147483647;
			files = (
				500A14F719B9A3A20059DE22 /* CoreData.framework in Frameworks */,
				5045A59519B61FAB00ED99BB /* Foundation.framework in Frameworks */,
			);
			runOnlyForDeploymentPostprocessing = 0;
		};
		5045A59E19B61FAB00ED99BB /* Frameworks */ = {
			isa = PBXFrameworksBuildPhase;
			buildActionMask = 2147483647;
			files = (
				500A158B19BA09490059DE22 /* CoreData.framework in Frameworks */,
				5045A5A319B61FAB00ED99BB /* XCTest.framework in Frameworks */,
				5045A5A619B61FAB00ED99BB /* UIKit.framework in Frameworks */,
				5045A5A919B61FAB00ED99BB /* libPCDatabaseCore.a in Frameworks */,
				5045A5A419B61FAB00ED99BB /* Foundation.framework in Frameworks */,
				62A7691D2A8242649DBA5764 /* libPods-PCDatabaseCoreTests.a in Frameworks */,
			);
			runOnlyForDeploymentPostprocessing = 0;
		};
/* End PBXFrameworksBuildPhase section */

/* Begin PBXGroup section */
		500A150719B9ACD80059DE22 /* GetEntity */ = {
			isa = PBXGroup;
			children = (
				5045A5C319B6ED1200ED99BB /* PCDatabaseCore+GetEntity.h */,
				5045A5C419B6ED1200ED99BB /* PCDatabaseCore+GetEntity.m */,
			);
			name = GetEntity;
			sourceTree = "<group>";
		};
		500A150819B9ACE00059DE22 /* Fetching */ = {
			isa = PBXGroup;
			children = (
				5045A5C119B6ED1200ED99BB /* PCDatabaseCore+Fetching.h */,
				5045A5C219B6ED1200ED99BB /* PCDatabaseCore+Fetching.m */,
			);
			name = Fetching;
			sourceTree = "<group>";
		};
		500A150919B9ACE80059DE22 /* RemoveEntity */ = {
			isa = PBXGroup;
			children = (
				5045A5C519B6ED1200ED99BB /* PCDatabaseCore+RemoveEntity.h */,
				5045A5C619B6ED1200ED99BB /* PCDatabaseCore+RemoveEntity.m */,
			);
			name = RemoveEntity;
			sourceTree = "<group>";
		};
		500A150A19B9ACF40059DE22 /* CreateEntity */ = {
			isa = PBXGroup;
			children = (
				5045A5BF19B6ED1200ED99BB /* PCDatabaseCore+CreateEntity.h */,
				5045A5C019B6ED1200ED99BB /* PCDatabaseCore+CreateEntity.m */,
			);
			name = CreateEntity;
			sourceTree = "<group>";
		};
		500A150B19B9ACFD0059DE22 /* CountEntities */ = {
			isa = PBXGroup;
			children = (
				5045A5BD19B6ED1200ED99BB /* PCDatabaseCore+CountEntities.h */,
				5045A5BE19B6ED1200ED99BB /* PCDatabaseCore+CountEntities.m */,
			);
			name = CountEntities;
			sourceTree = "<group>";
		};
		5045A58819B61FAB00ED99BB = {
			isa = PBXGroup;
			children = (
				5045A59619B61FAB00ED99BB /* PCDatabaseCore */,
				5045A5AA19B61FAB00ED99BB /* PCDatabaseCoreTests */,
				5045A59319B61FAB00ED99BB /* Frameworks */,
				5045A59219B61FAB00ED99BB /* Products */,
				33BB74109E9A4C679373962E /* Pods-PCDatabaseCoreTests.xcconfig */,
			);
			sourceTree = "<group>";
		};
		5045A59219B61FAB00ED99BB /* Products */ = {
			isa = PBXGroup;
			children = (
				5045A59119B61FAB00ED99BB /* libPCDatabaseCore.a */,
				5045A5A119B61FAB00ED99BB /* PCDatabaseCoreTests.xctest */,
			);
			name = Products;
			sourceTree = "<group>";
		};
		5045A59319B61FAB00ED99BB /* Frameworks */ = {
			isa = PBXGroup;
			children = (
				500A14F619B9A3A20059DE22 /* CoreData.framework */,
				5045A59419B61FAB00ED99BB /* Foundation.framework */,
				5045A5A219B61FAB00ED99BB /* XCTest.framework */,
				5045A5A519B61FAB00ED99BB /* UIKit.framework */,
				C88AC2A23FAD4E9C98F74919 /* libPods-PCDatabaseCoreTests.a */,
			);
			name = Frameworks;
			sourceTree = "<group>";
		};
		5045A59619B61FAB00ED99BB /* PCDatabaseCore */ = {
			isa = PBXGroup;
			children = (
				50DBEDAA19D2E738007CB315 /* Tests */,
				5045A5D919B6EED700ED99BB /* Categories */,
				5045A59919B61FAB00ED99BB /* PCDatabaseCore.h */,
				5045A59B19B61FAB00ED99BB /* PCDatabaseCore.m */,
				5045A5BA19B6ED1200ED99BB /* PCDatabaseCore_Categories.h */,
				500A150B19B9ACFD0059DE22 /* CountEntities */,
				500A150A19B9ACF40059DE22 /* CreateEntity */,
				500A150819B9ACE00059DE22 /* Fetching */,
				500A150719B9ACD80059DE22 /* GetEntity */,
				500A150919B9ACE80059DE22 /* RemoveEntity */,
				5045A59719B61FAB00ED99BB /* Supporting Files */,
			);
			path = PCDatabaseCore;
			sourceTree = "<group>";
		};
		5045A59719B61FAB00ED99BB /* Supporting Files */ = {
			isa = PBXGroup;
			children = (
				5045A59819B61FAB00ED99BB /* PCDatabaseCore-Prefix.pch */,
			);
			name = "Supporting Files";
			sourceTree = "<group>";
		};
		5045A5AA19B61FAB00ED99BB /* PCDatabaseCoreTests */ = {
			isa = PBXGroup;
			children = (
				500A150419B9ACD10059DE22 /* DatabaseTestHelperMethods.h */,
				500A150519B9ACD10059DE22 /* DatabaseTestHelperMethods.m */,
				500A150119B9AC4B0059DE22 /* NSArray+Permutations.h */,
				500A150219B9AC4B0059DE22 /* NSArray+Permutations.m */,
				5045A5B019B61FAB00ED99BB /* PCDatabaseCoreTests.m */,
				5045A5AB19B61FAB00ED99BB /* Supporting Files */,
				500A14FB19B9AAB50059DE22 /* TestDataModel.xcdatamodeld */,
			);
			path = PCDatabaseCoreTests;
			sourceTree = "<group>";
		};
		5045A5AB19B61FAB00ED99BB /* Supporting Files */ = {
			isa = PBXGroup;
			children = (
				5045A5AC19B61FAB00ED99BB /* PCDatabaseCoreTests-Info.plist */,
				5045A5AD19B61FAB00ED99BB /* InfoPlist.strings */,
			);
			name = "Supporting Files";
			sourceTree = "<group>";
		};
		5045A5D919B6EED700ED99BB /* Categories */ = {
			isa = PBXGroup;
			children = (
				500A14F819B9A3EC0059DE22 /* NSManagedObject+SafeSetters.h */,
				500A14F919B9A3EC0059DE22 /* NSManagedObject+SafeSetters.m */,
				5045A5DA19B6EED700ED99BB /* NSError+DatabaseError.h */,
				5045A5DB19B6EED700ED99BB /* NSError+DatabaseError.m */,
				5045A5DC19B6EED700ED99BB /* NSManagedObject+ImportFromJSON.h */,
				5045A5DD19B6EED700ED99BB /* NSManagedObject+ImportFromJSON.m */,
				5045A5DE19B6EED700ED99BB /* NSManagedObjectModel+KCOrderedAccessorFix.h */,
				5045A5DF19B6EED700ED99BB /* NSManagedObjectModel+KCOrderedAccessorFix.m */,
				5045A5E019B6EED700ED99BB /* UIApplication+Directories.h */,
				5045A5E119B6EED700ED99BB /* UIApplication+Directories.m */,
			);
			path = Categories;
			sourceTree = "<group>";
		};
		50DBEDAA19D2E738007CB315 /* Tests */ = {
			isa = PBXGroup;
			children = (
				50C7BC0B1A26260F001711CF /* TestEntity.h */,
				50C7BC0C1A26260F001711CF /* TestEntity.m */,
			);
			name = Tests;
			sourceTree = "<group>";
		};
/* End PBXGroup section */

/* Begin PBXNativeTarget section */
		5045A59019B61FAB00ED99BB /* PCDatabaseCore */ = {
			isa = PBXNativeTarget;
			buildConfigurationList = 5045A5B419B61FAB00ED99BB /* Build configuration list for PBXNativeTarget "PCDatabaseCore" */;
			buildPhases = (
				5045A58D19B61FAB00ED99BB /* Sources */,
				5045A58E19B61FAB00ED99BB /* Frameworks */,
				5045A58F19B61FAB00ED99BB /* CopyFiles */,
			);
			buildRules = (
			);
			dependencies = (
			);
			name = PCDatabaseCore;
			productName = PCDatabaseCore;
			productReference = 5045A59119B61FAB00ED99BB /* libPCDatabaseCore.a */;
			productType = "com.apple.product-type.library.static";
		};
		5045A5A019B61FAB00ED99BB /* PCDatabaseCoreTests */ = {
			isa = PBXNativeTarget;
			buildConfigurationList = 5045A5B719B61FAB00ED99BB /* Build configuration list for PBXNativeTarget "PCDatabaseCoreTests" */;
			buildPhases = (
				E67113FFC6BB484E8BD5E8CB /* Check Pods Manifest.lock */,
				5045A59D19B61FAB00ED99BB /* Sources */,
				5045A59E19B61FAB00ED99BB /* Frameworks */,
				5045A59F19B61FAB00ED99BB /* Resources */,
				E4AA4EC4228C44E9B269E6AD /* Copy Pods Resources */,
			);
			buildRules = (
			);
			dependencies = (
				5045A5A819B61FAB00ED99BB /* PBXTargetDependency */,
			);
			name = PCDatabaseCoreTests;
			productName = PCDatabaseCoreTests;
			productReference = 5045A5A119B61FAB00ED99BB /* PCDatabaseCoreTests.xctest */;
			productType = "com.apple.product-type.bundle.unit-test";
		};
/* End PBXNativeTarget section */

/* Begin PBXProject section */
		5045A58919B61FAB00ED99BB /* Project object */ = {
			isa = PBXProject;
			attributes = {
				LastUpgradeCheck = 0510;
				ORGANIZATIONNAME = Pilot;
			};
			buildConfigurationList = 5045A58C19B61FAB00ED99BB /* Build configuration list for PBXProject "PCDatabaseCore" */;
			compatibilityVersion = "Xcode 3.2";
			developmentRegion = English;
			hasScannedForEncodings = 0;
			knownRegions = (
				en,
			);
			mainGroup = 5045A58819B61FAB00ED99BB;
			productRefGroup = 5045A59219B61FAB00ED99BB /* Products */;
			projectDirPath = "";
			projectRoot = "";
			targets = (
				5045A59019B61FAB00ED99BB /* PCDatabaseCore */,
				5045A5A019B61FAB00ED99BB /* PCDatabaseCoreTests */,
			);
		};
/* End PBXProject section */

/* Begin PBXResourcesBuildPhase section */
		5045A59F19B61FAB00ED99BB /* Resources */ = {
			isa = PBXResourcesBuildPhase;
			buildActionMask = 2147483647;
			files = (
				5045A5AF19B61FAB00ED99BB /* InfoPlist.strings in Resources */,
			);
			runOnlyForDeploymentPostprocessing = 0;
		};
/* End PBXResourcesBuildPhase section */

/* Begin PBXShellScriptBuildPhase section */
		E4AA4EC4228C44E9B269E6AD /* Copy Pods Resources */ = {
			isa = PBXShellScriptBuildPhase;
			buildActionMask = 2147483647;
			files = (
			);
			inputPaths = (
			);
			name = "Copy Pods Resources";
			outputPaths = (
			);
			runOnlyForDeploymentPostprocessing = 0;
			shellPath = /bin/sh;
			shellScript = "\"${SRCROOT}/Pods/Pods-PCDatabaseCoreTests-resources.sh\"\n";
			showEnvVarsInLog = 0;
		};
		E67113FFC6BB484E8BD5E8CB /* Check Pods Manifest.lock */ = {
			isa = PBXShellScriptBuildPhase;
			buildActionMask = 2147483647;
			files = (
			);
			inputPaths = (
			);
			name = "Check Pods Manifest.lock";
			outputPaths = (
			);
			runOnlyForDeploymentPostprocessing = 0;
			shellPath = /bin/sh;
			shellScript = "diff \"${PODS_ROOT}/../Podfile.lock\" \"${PODS_ROOT}/Manifest.lock\" > /dev/null\nif [[ $? != 0 ]] ; then\n    cat << EOM\nerror: The sandbox is not in sync with the Podfile.lock. Run 'pod install' or update your CocoaPods installation.\nEOM\n    exit 1\nfi\n";
			showEnvVarsInLog = 0;
		};
/* End PBXShellScriptBuildPhase section */

/* Begin PBXSourcesBuildPhase section */
		5045A58D19B61FAB00ED99BB /* Sources */ = {
			isa = PBXSourcesBuildPhase;
			buildActionMask = 2147483647;
			files = (
				5045A5E519B6EED700ED99BB /* UIApplication+Directories.m in Sources */,
				5045A5E319B6EED700ED99BB /* NSManagedObject+ImportFromJSON.m in Sources */,
				5045A59C19B61FAB00ED99BB /* PCDatabaseCore.m in Sources */,
				5045A5E219B6EED700ED99BB /* NSError+DatabaseError.m in Sources */,
				5045A5D019B6ED1200ED99BB /* PCDatabaseCore+CountEntities.m in Sources */,
				5045A5D419B6ED1200ED99BB /* PCDatabaseCore+RemoveEntity.m in Sources */,
				5045A5D219B6ED1200ED99BB /* PCDatabaseCore+Fetching.m in Sources */,
				5045A5E419B6EED700ED99BB /* NSManagedObjectModel+KCOrderedAccessorFix.m in Sources */,
				5045A5D319B6ED1200ED99BB /* PCDatabaseCore+GetEntity.m in Sources */,
				500A14FA19B9A3EC0059DE22 /* NSManagedObject+SafeSetters.m in Sources */,
				5045A5D119B6ED1200ED99BB /* PCDatabaseCore+CreateEntity.m in Sources */,
			);
			runOnlyForDeploymentPostprocessing = 0;
		};
		5045A59D19B61FAB00ED99BB /* Sources */ = {
			isa = PBXSourcesBuildPhase;
			buildActionMask = 2147483647;
			files = (
				5045A5B119B61FAB00ED99BB /* PCDatabaseCoreTests.m in Sources */,
				50C7BC0D1A26260F001711CF /* TestEntity.m in Sources */,
				500A158C19BA0DEE0059DE22 /* TestDataModel.xcdatamodeld in Sources */,
				500A150619B9ACD10059DE22 /* DatabaseTestHelperMethods.m in Sources */,
				500A150319B9AC4B0059DE22 /* NSArray+Permutations.m in Sources */,
			);
			runOnlyForDeploymentPostprocessing = 0;
		};
/* End PBXSourcesBuildPhase section */

/* Begin PBXTargetDependency section */
		5045A5A819B61FAB00ED99BB /* PBXTargetDependency */ = {
			isa = PBXTargetDependency;
			target = 5045A59019B61FAB00ED99BB /* PCDatabaseCore */;
			targetProxy = 5045A5A719B61FAB00ED99BB /* PBXContainerItemProxy */;
		};
/* End PBXTargetDependency section */

/* Begin PBXVariantGroup section */
		5045A5AD19B61FAB00ED99BB /* InfoPlist.strings */ = {
			isa = PBXVariantGroup;
			children = (
				5045A5AE19B61FAB00ED99BB /* en */,
			);
			name = InfoPlist.strings;
			sourceTree = "<group>";
		};
/* End PBXVariantGroup section */

/* Begin XCBuildConfiguration section */
		5045A5B219B61FAB00ED99BB /* Debug */ = {
			isa = XCBuildConfiguration;
			buildSettings = {
				ALWAYS_SEARCH_USER_PATHS = NO;
				CLANG_CXX_LANGUAGE_STANDARD = "gnu++0x";
				CLANG_CXX_LIBRARY = "libc++";
				CLANG_ENABLE_MODULES = YES;
				CLANG_ENABLE_OBJC_ARC = YES;
				CLANG_WARN_BOOL_CONVERSION = YES;
				CLANG_WARN_CONSTANT_CONVERSION = YES;
				CLANG_WARN_DIRECT_OBJC_ISA_USAGE = YES_ERROR;
				CLANG_WARN_EMPTY_BODY = YES;
				CLANG_WARN_ENUM_CONVERSION = YES;
				CLANG_WARN_INT_CONVERSION = YES;
				CLANG_WARN_OBJC_ROOT_CLASS = YES_ERROR;
				CLANG_WARN__DUPLICATE_METHOD_MATCH = YES;
				COPY_PHASE_STRIP = NO;
				GCC_C_LANGUAGE_STANDARD = gnu99;
				GCC_DYNAMIC_NO_PIC = NO;
				GCC_OPTIMIZATION_LEVEL = 0;
				GCC_PREPROCESSOR_DEFINITIONS = (
					"DEBUG=1",
					"$(inherited)",
				);
				GCC_SYMBOLS_PRIVATE_EXTERN = NO;
				GCC_WARN_64_TO_32_BIT_CONVERSION = YES;
				GCC_WARN_ABOUT_RETURN_TYPE = YES_ERROR;
				GCC_WARN_UNDECLARED_SELECTOR = YES;
				GCC_WARN_UNINITIALIZED_AUTOS = YES_AGGRESSIVE;
				GCC_WARN_UNUSED_FUNCTION = YES;
				GCC_WARN_UNUSED_VARIABLE = YES;
				IPHONEOS_DEPLOYMENT_TARGET = 7.1;
				ONLY_ACTIVE_ARCH = YES;
				SDKROOT = iphoneos;
			};
			name = Debug;
		};
		5045A5B319B61FAB00ED99BB /* Release */ = {
			isa = XCBuildConfiguration;
			buildSettings = {
				ALWAYS_SEARCH_USER_PATHS = NO;
				CLANG_CXX_LANGUAGE_STANDARD = "gnu++0x";
				CLANG_CXX_LIBRARY = "libc++";
				CLANG_ENABLE_MODULES = YES;
				CLANG_ENABLE_OBJC_ARC = YES;
				CLANG_WARN_BOOL_CONVERSION = YES;
				CLANG_WARN_CONSTANT_CONVERSION = YES;
				CLANG_WARN_DIRECT_OBJC_ISA_USAGE = YES_ERROR;
				CLANG_WARN_EMPTY_BODY = YES;
				CLANG_WARN_ENUM_CONVERSION = YES;
				CLANG_WARN_INT_CONVERSION = YES;
				CLANG_WARN_OBJC_ROOT_CLASS = YES_ERROR;
				CLANG_WARN__DUPLICATE_METHOD_MATCH = YES;
				COPY_PHASE_STRIP = YES;
				ENABLE_NS_ASSERTIONS = NO;
				GCC_C_LANGUAGE_STANDARD = gnu99;
				GCC_WARN_64_TO_32_BIT_CONVERSION = YES;
				GCC_WARN_ABOUT_RETURN_TYPE = YES_ERROR;
				GCC_WARN_UNDECLARED_SELECTOR = YES;
				GCC_WARN_UNINITIALIZED_AUTOS = YES_AGGRESSIVE;
				GCC_WARN_UNUSED_FUNCTION = YES;
				GCC_WARN_UNUSED_VARIABLE = YES;
				IPHONEOS_DEPLOYMENT_TARGET = 7.1;
				SDKROOT = iphoneos;
				VALIDATE_PRODUCT = YES;
			};
			name = Release;
		};
		5045A5B519B61FAB00ED99BB /* Debug */ = {
			isa = XCBuildConfiguration;
			buildSettings = {
				DSTROOT = /tmp/PCDatabaseCore.dst;
				GCC_PRECOMPILE_PREFIX_HEADER = YES;
				GCC_PREFIX_HEADER = "PCDatabaseCore/PCDatabaseCore-Prefix.pch";
				OTHER_LDFLAGS = "-ObjC";
				PRODUCT_NAME = "$(TARGET_NAME)";
				SKIP_INSTALL = YES;
			};
			name = Debug;
		};
		5045A5B619B61FAB00ED99BB /* Release */ = {
			isa = XCBuildConfiguration;
			buildSettings = {
				DSTROOT = /tmp/PCDatabaseCore.dst;
				GCC_PRECOMPILE_PREFIX_HEADER = YES;
				GCC_PREFIX_HEADER = "PCDatabaseCore/PCDatabaseCore-Prefix.pch";
				OTHER_LDFLAGS = "-ObjC";
				PRODUCT_NAME = "$(TARGET_NAME)";
				SKIP_INSTALL = YES;
			};
			name = Release;
		};
		5045A5B819B61FAB00ED99BB /* Debug */ = {
			isa = XCBuildConfiguration;
			baseConfigurationReference = 33BB74109E9A4C679373962E /* Pods-PCDatabaseCoreTests.xcconfig */;
			buildSettings = {
				FRAMEWORK_SEARCH_PATHS = (
					"$(SDKROOT)/Developer/Library/Frameworks",
					"$(inherited)",
					"$(DEVELOPER_FRAMEWORKS_DIR)",
				);
				GCC_PRECOMPILE_PREFIX_HEADER = YES;
				GCC_PREFIX_HEADER = "PCDatabaseCore/PCDatabaseCore-Prefix.pch";
				GCC_PREPROCESSOR_DEFINITIONS = (
					"DEBUG=1",
					"$(inherited)",
				);
				INFOPLIST_FILE = "PCDatabaseCoreTests/PCDatabaseCoreTests-Info.plist";
				PRODUCT_NAME = "$(TARGET_NAME)";
				WRAPPER_EXTENSION = xctest;
			};
			name = Debug;
		};
		5045A5B919B61FAB00ED99BB /* Release */ = {
			isa = XCBuildConfiguration;
			baseConfigurationReference = 33BB74109E9A4C679373962E /* Pods-PCDatabaseCoreTests.xcconfig */;
			buildSettings = {
				FRAMEWORK_SEARCH_PATHS = (
					"$(SDKROOT)/Developer/Library/Frameworks",
					"$(inherited)",
					"$(DEVELOPER_FRAMEWORKS_DIR)",
				);
				GCC_PRECOMPILE_PREFIX_HEADER = YES;
				GCC_PREFIX_HEADER = "PCDatabaseCore/PCDatabaseCore-Prefix.pch";
				INFOPLIST_FILE = "PCDatabaseCoreTests/PCDatabaseCoreTests-Info.plist";
				PRODUCT_NAME = "$(TARGET_NAME)";
				WRAPPER_EXTENSION = xctest;
			};
			name = Release;
		};
/* End XCBuildConfiguration section */

/* Begin XCConfigurationList section */
		5045A58C19B61FAB00ED99BB /* Build configuration list for PBXProject "PCDatabaseCore" */ = {
			isa = XCConfigurationList;
			buildConfigurations = (
				5045A5B219B61FAB00ED99BB /* Debug */,
				5045A5B319B61FAB00ED99BB /* Release */,
			);
			defaultConfigurationIsVisible = 0;
			defaultConfigurationName = Release;
		};
		5045A5B419B61FAB00ED99BB /* Build configuration list for PBXNativeTarget "PCDatabaseCore" */ = {
			isa = XCConfigurationList;
			buildConfigurations = (
				5045A5B519B61FAB00ED99BB /* Debug */,
				5045A5B619B61FAB00ED99BB /* Release */,
			);
			defaultConfigurationIsVisible = 0;
			defaultConfigurationName = Release;
		};
		5045A5B719B61FAB00ED99BB /* Build configuration list for PBXNativeTarget "PCDatabaseCoreTests" */ = {
			isa = XCConfigurationList;
			buildConfigurations = (
				5045A5B819B61FAB00ED99BB /* Debug */,
				5045A5B919B61FAB00ED99BB /* Release */,
			);
			defaultConfigurationIsVisible = 0;
			defaultConfigurationName = Release;
		};
/* End XCConfigurationList section */

/* Begin XCVersionGroup section */
		500A14FB19B9AAB50059DE22 /* TestDataModel.xcdatamodeld */ = {
			isa = XCVersionGroup;
			children = (
				500A14FC19B9AAB50059DE22 /* TestDataModel.xcdatamodel */,
			);
			currentVersion = 500A14FC19B9AAB50059DE22 /* TestDataModel.xcdatamodel */;
			path = TestDataModel.xcdatamodeld;
			sourceTree = "<group>";
			versionGroupType = wrapper.xcdatamodel;
		};
/* End XCVersionGroup section */
	};
	rootObject = 5045A58919B61FAB00ED99BB /* Project object */;
}
